// !$*UTF8*$!
{
	archiveVersion = 1;
	classes = {
	};
	objectVersion = 50;
	objects = {

/* Begin PBXBuildFile section */
		84BFF05D246C1D760018296F /* AppDelegate.swift in Sources */ = {isa = PBXBuildFile; fileRef = 84BFF05C246C1D760018296F /* AppDelegate.swift */; };
		84BFF05F246C1D760018296F /* SceneDelegate.swift in Sources */ = {isa = PBXBuildFile; fileRef = 84BFF05E246C1D760018296F /* SceneDelegate.swift */; };
		84BFF061246C1D760018296F /* ContentView.swift in Sources */ = {isa = PBXBuildFile; fileRef = 84BFF060246C1D760018296F /* ContentView.swift */; };
		84BFF063246C1D770018296F /* Assets.xcassets in Resources */ = {isa = PBXBuildFile; fileRef = 84BFF062246C1D770018296F /* Assets.xcassets */; };
		84BFF066246C1D770018296F /* Preview Assets.xcassets in Resources */ = {isa = PBXBuildFile; fileRef = 84BFF065246C1D770018296F /* Preview Assets.xcassets */; };
		84BFF069246C1D770018296F /* LaunchScreen.storyboard in Resources */ = {isa = PBXBuildFile; fileRef = 84BFF067246C1D770018296F /* LaunchScreen.storyboard */; };
		84BFF073246C1DB90018296F /* MainNavi.swift in Sources */ = {isa = PBXBuildFile; fileRef = 84BFF072246C1DB90018296F /* MainNavi.swift */; };
		84BFF075246C1DDE0018296F /* EventsView.swift in Sources */ = {isa = PBXBuildFile; fileRef = 84BFF074246C1DDE0018296F /* EventsView.swift */; };
		84BFF077246C1E020018296F /* BibleView.swift in Sources */ = {isa = PBXBuildFile; fileRef = 84BFF076246C1E020018296F /* BibleView.swift */; };
		84BFF079246C1E220018296F /* BlogView.swift in Sources */ = {isa = PBXBuildFile; fileRef = 84BFF078246C1E220018296F /* BlogView.swift */; };
/* End PBXBuildFile section */

/* Begin PBXFileReference section */
		84BFF059246C1D760018296F /* Bible Buddy.app */ = {isa = PBXFileReference; explicitFileType = wrapper.application; includeInIndex = 0; path = "Bible Buddy.app"; sourceTree = BUILT_PRODUCTS_DIR; };
		84BFF05C246C1D760018296F /* AppDelegate.swift */ = {isa = PBXFileReference; lastKnownFileType = sourcecode.swift; path = AppDelegate.swift; sourceTree = "<group>"; };
		84BFF05E246C1D760018296F /* SceneDelegate.swift */ = {isa = PBXFileReference; lastKnownFileType = sourcecode.swift; path = SceneDelegate.swift; sourceTree = "<group>"; };
		84BFF060246C1D760018296F /* ContentView.swift */ = {isa = PBXFileReference; lastKnownFileType = sourcecode.swift; path = ContentView.swift; sourceTree = "<group>"; };
		84BFF062246C1D770018296F /* Assets.xcassets */ = {isa = PBXFileReference; lastKnownFileType = folder.assetcatalog; path = Assets.xcassets; sourceTree = "<group>"; };
		84BFF065246C1D770018296F /* Preview Assets.xcassets */ = {isa = PBXFileReference; lastKnownFileType = folder.assetcatalog; path = "Preview Assets.xcassets"; sourceTree = "<group>"; };
		84BFF068246C1D770018296F /* Base */ = {isa = PBXFileReference; lastKnownFileType = file.storyboard; name = Base; path = Base.lproj/LaunchScreen.storyboard; sourceTree = "<group>"; };
		84BFF06A246C1D770018296F /* Info.plist */ = {isa = PBXFileReference; lastKnownFileType = text.plist.xml; path = Info.plist; sourceTree = "<group>"; };
		84BFF072246C1DB90018296F /* MainNavi.swift */ = {isa = PBXFileReference; lastKnownFileType = sourcecode.swift; path = MainNavi.swift; sourceTree = "<group>"; };
		84BFF074246C1DDE0018296F /* EventsView.swift */ = {isa = PBXFileReference; lastKnownFileType = sourcecode.swift; path = EventsView.swift; sourceTree = "<group>"; };
		84BFF076246C1E020018296F /* BibleView.swift */ = {isa = PBXFileReference; lastKnownFileType = sourcecode.swift; path = BibleView.swift; sourceTree = "<group>"; };
		84BFF078246C1E220018296F /* BlogView.swift */ = {isa = PBXFileReference; lastKnownFileType = sourcecode.swift; path = BlogView.swift; sourceTree = "<group>"; };
/* End PBXFileReference section */

/* Begin PBXFrameworksBuildPhase section */
		84BFF056246C1D760018296F /* Frameworks */ = {
			isa = PBXFrameworksBuildPhase;
			buildActionMask = 2147483647;
			files = (
			);
			runOnlyForDeploymentPostprocessing = 0;
		};
/* End PBXFrameworksBuildPhase section */

/* Begin PBXGroup section */
		84BFF050246C1D760018296F = {
			isa = PBXGroup;
			children = (
				84BFF05B246C1D760018296F /* Bible Buddy */,
				84BFF05A246C1D760018296F /* Products */,
			);
			sourceTree = "<group>";
		};
		84BFF05A246C1D760018296F /* Products */ = {
			isa = PBXGroup;
			children = (
				84BFF059246C1D760018296F /* Bible Buddy.app */,
			);
			name = Products;
			sourceTree = "<group>";
		};
		84BFF05B246C1D760018296F /* Bible Buddy */ = {
			isa = PBXGroup;
			children = (
				84BFF070246C1D8D0018296F /* Model */,
				84BFF05C246C1D760018296F /* AppDelegate.swift */,
				84BFF05E246C1D760018296F /* SceneDelegate.swift */,
				84BFF071246C1D9F0018296F /* Views */,
				84BFF062246C1D770018296F /* Assets.xcassets */,
				84BFF067246C1D770018296F /* LaunchScreen.storyboard */,
				84BFF06A246C1D770018296F /* Info.plist */,
				84BFF064246C1D770018296F /* Preview Content */,
			);
			path = "Bible Buddy";
			sourceTree = "<group>";
		};
		84BFF064246C1D770018296F /* Preview Content */ = {
			isa = PBXGroup;
			children = (
				84BFF065246C1D770018296F /* Preview Assets.xcassets */,
			);
			path = "Preview Content";
			sourceTree = "<group>";
		};
		84BFF070246C1D8D0018296F /* Model */ = {
			isa = PBXGroup;
			children = (
				84BFF072246C1DB90018296F /* MainNavi.swift */,
			);
			path = Model;
			sourceTree = "<group>";
		};
		84BFF071246C1D9F0018296F /* Views */ = {
			isa = PBXGroup;
			children = (
				84BFF060246C1D760018296F /* ContentView.swift */,
				84BFF074246C1DDE0018296F /* EventsView.swift */,
				84BFF076246C1E020018296F /* BibleView.swift */,
				84BFF078246C1E220018296F /* BlogView.swift */,
			);
			path = Views;
			sourceTree = "<group>";
		};
/* End PBXGroup section */

/* Begin PBXNativeTarget section */
		84BFF058246C1D760018296F /* Bible Buddy */ = {
			isa = PBXNativeTarget;
			buildConfigurationList = 84BFF06D246C1D770018296F /* Build configuration list for PBXNativeTarget "Bible Buddy" */;
			buildPhases = (
				84BFF055246C1D760018296F /* Sources */,
				84BFF056246C1D760018296F /* Frameworks */,
				84BFF057246C1D760018296F /* Resources */,
			);
			buildRules = (
			);
			dependencies = (
			);
			name = "Bible Buddy";
			productName = "Bible Buddy";
			productReference = 84BFF059246C1D760018296F /* Bible Buddy.app */;
			productType = "com.apple.product-type.application";
		};
/* End PBXNativeTarget section */

/* Begin PBXProject section */
		84BFF051246C1D760018296F /* Project object */ = {
			isa = PBXProject;
			attributes = {
				LastSwiftUpdateCheck = 1140;
				LastUpgradeCheck = 1140;
				ORGANIZATIONNAME = Gruppe03;
				TargetAttributes = {
					84BFF058246C1D760018296F = {
						CreatedOnToolsVersion = 11.4.1;
					};
				};
			};
			buildConfigurationList = 84BFF054246C1D760018296F /* Build configuration list for PBXProject "Bible Buddy" */;
			compatibilityVersion = "Xcode 9.3";
			developmentRegion = en;
			hasScannedForEncodings = 0;
			knownRegions = (
				en,
				Base,
			);
			mainGroup = 84BFF050246C1D760018296F;
			productRefGroup = 84BFF05A246C1D760018296F /* Products */;
			projectDirPath = "";
			projectRoot = "";
			targets = (
				84BFF058246C1D760018296F /* Bible Buddy */,
			);
		};
/* End PBXProject section */

/* Begin PBXResourcesBuildPhase section */
		84BFF057246C1D760018296F /* Resources */ = {
			isa = PBXResourcesBuildPhase;
			buildActionMask = 2147483647;
			files = (
				84BFF069246C1D770018296F /* LaunchScreen.storyboard in Resources */,
				84BFF066246C1D770018296F /* Preview Assets.xcassets in Resources */,
				84BFF063246C1D770018296F /* Assets.xcassets in Resources */,
			);
			runOnlyForDeploymentPostprocessing = 0;
		};
/* End PBXResourcesBuildPhase section */

/* Begin PBXSourcesBuildPhase section */
		84BFF055246C1D760018296F /* Sources */ = {
			isa = PBXSourcesBuildPhase;
			buildActionMask = 2147483647;
			files = (
				84BFF073246C1DB90018296F /* MainNavi.swift in Sources */,
				84BFF075246C1DDE0018296F /* EventsView.swift in Sources */,
				84BFF079246C1E220018296F /* BlogView.swift in Sources */,
				84BFF05D246C1D760018296F /* AppDelegate.swift in Sources */,
				84BFF077246C1E020018296F /* BibleView.swift in Sources */,
				84BFF05F246C1D760018296F /* SceneDelegate.swift in Sources */,
				84BFF061246C1D760018296F /* ContentView.swift in Sources */,
			);
			runOnlyForDeploymentPostprocessing = 0;
		};
/* End PBXSourcesBuildPhase section */

/* Begin PBXVariantGroup section */
		84BFF067246C1D770018296F /* LaunchScreen.storyboard */ = {
			isa = PBXVariantGroup;
			children = (
				84BFF068246C1D770018296F /* Base */,
			);
			name = LaunchScreen.storyboard;
			sourceTree = "<group>";
		};
/* End PBXVariantGroup section */

/* Begin XCBuildConfiguration section */
		84BFF06B246C1D770018296F /* Debug */ = {
			isa = XCBuildConfiguration;
			buildSettings = {
				ALWAYS_SEARCH_USER_PATHS = NO;
				CLANG_ANALYZER_NONNULL = YES;
				CLANG_ANALYZER_NUMBER_OBJECT_CONVERSION = YES_AGGRESSIVE;
				CLANG_CXX_LANGUAGE_STANDARD = "gnu++14";
				CLANG_CXX_LIBRARY = "libc++";
				CLANG_ENABLE_MODULES = YES;
				CLANG_ENABLE_OBJC_ARC = YES;
				CLANG_ENABLE_OBJC_WEAK = YES;
				CLANG_WARN_BLOCK_CAPTURE_AUTORELEASING = YES;
				CLANG_WARN_BOOL_CONVERSION = YES;
				CLANG_WARN_COMMA = YES;
				CLANG_WARN_CONSTANT_CONVERSION = YES;
				CLANG_WARN_DEPRECATED_OBJC_IMPLEMENTATIONS = YES;
				CLANG_WARN_DIRECT_OBJC_ISA_USAGE = YES_ERROR;
				CLANG_WARN_DOCUMENTATION_COMMENTS = YES;
				CLANG_WARN_EMPTY_BODY = YES;
				CLANG_WARN_ENUM_CONVERSION = YES;
				CLANG_WARN_INFINITE_RECURSION = YES;
				CLANG_WARN_INT_CONVERSION = YES;
				CLANG_WARN_NON_LITERAL_NULL_CONVERSION = YES;
				CLANG_WARN_OBJC_IMPLICIT_RETAIN_SELF = YES;
				CLANG_WARN_OBJC_LITERAL_CONVERSION = YES;
				CLANG_WARN_OBJC_ROOT_CLASS = YES_ERROR;
				CLANG_WARN_RANGE_LOOP_ANALYSIS = YES;
				CLANG_WARN_STRICT_PROTOTYPES = YES;
				CLANG_WARN_SUSPICIOUS_MOVE = YES;
				CLANG_WARN_UNGUARDED_AVAILABILITY = YES_AGGRESSIVE;
				CLANG_WARN_UNREACHABLE_CODE = YES;
				CLANG_WARN__DUPLICATE_METHOD_MATCH = YES;
				COPY_PHASE_STRIP = NO;
				DEBUG_INFORMATION_FORMAT = dwarf;
				ENABLE_STRICT_OBJC_MSGSEND = YES;
				ENABLE_TESTABILITY = YES;
				GCC_C_LANGUAGE_STANDARD = gnu11;
				GCC_DYNAMIC_NO_PIC = NO;
				GCC_NO_COMMON_BLOCKS = YES;
				GCC_OPTIMIZATION_LEVEL = 0;
				GCC_PREPROCESSOR_DEFINITIONS = (
					"DEBUG=1",
					"$(inherited)",
				);
				GCC_WARN_64_TO_32_BIT_CONVERSION = YES;
				GCC_WARN_ABOUT_RETURN_TYPE = YES_ERROR;
				GCC_WARN_UNDECLARED_SELECTOR = YES;
				GCC_WARN_UNINITIALIZED_AUTOS = YES_AGGRESSIVE;
				GCC_WARN_UNUSED_FUNCTION = YES;
				GCC_WARN_UNUSED_VARIABLE = YES;
				IPHONEOS_DEPLOYMENT_TARGET = 13.4;
				MTL_ENABLE_DEBUG_INFO = INCLUDE_SOURCE;
				MTL_FAST_MATH = YES;
				ONLY_ACTIVE_ARCH = YES;
				SDKROOT = iphoneos;
				SWIFT_ACTIVE_COMPILATION_CONDITIONS = DEBUG;
				SWIFT_OPTIMIZATION_LEVEL = "-Onone";
			};
			name = Debug;
		};
		84BFF06C246C1D770018296F /* Release */ = {
			isa = XCBuildConfiguration;
			buildSettings = {
				ALWAYS_SEARCH_USER_PATHS = NO;
				CLANG_ANALYZER_NONNULL = YES;
				CLANG_ANALYZER_NUMBER_OBJECT_CONVERSION = YES_AGGRESSIVE;
				CLANG_CXX_LANGUAGE_STANDARD = "gnu++14";
				CLANG_CXX_LIBRARY = "libc++";
				CLANG_ENABLE_MODULES = YES;
				CLANG_ENABLE_OBJC_ARC = YES;
				CLANG_ENABLE_OBJC_WEAK = YES;
				CLANG_WARN_BLOCK_CAPTURE_AUTORELEASING = YES;
				CLANG_WARN_BOOL_CONVERSION = YES;
				CLANG_WARN_COMMA = YES;
				CLANG_WARN_CONSTANT_CONVERSION = YES;
				CLANG_WARN_DEPRECATED_OBJC_IMPLEMENTATIONS = YES;
				CLANG_WARN_DIRECT_OBJC_ISA_USAGE = YES_ERROR;
				CLANG_WARN_DOCUMENTATION_COMMENTS = YES;
				CLANG_WARN_EMPTY_BODY = YES;
				CLANG_WARN_ENUM_CONVERSION = YES;
				CLANG_WARN_INFINITE_RECURSION = YES;
				CLANG_WARN_INT_CONVERSION = YES;
				CLANG_WARN_NON_LITERAL_NULL_CONVERSION = YES;
				CLANG_WARN_OBJC_IMPLICIT_RETAIN_SELF = YES;
				CLANG_WARN_OBJC_LITERAL_CONVERSION = YES;
				CLANG_WARN_OBJC_ROOT_CLASS = YES_ERROR;
				CLANG_WARN_RANGE_LOOP_ANALYSIS = YES;
				CLANG_WARN_STRICT_PROTOTYPES = YES;
				CLANG_WARN_SUSPICIOUS_MOVE = YES;
				CLANG_WARN_UNGUARDED_AVAILABILITY = YES_AGGRESSIVE;
				CLANG_WARN_UNREACHABLE_CODE = YES;
				CLANG_WARN__DUPLICATE_METHOD_MATCH = YES;
				COPY_PHASE_STRIP = NO;
				DEBUG_INFORMATION_FORMAT = "dwarf-with-dsym";
				ENABLE_NS_ASSERTIONS = NO;
				ENABLE_STRICT_OBJC_MSGSEND = YES;
				GCC_C_LANGUAGE_STANDARD = gnu11;
				GCC_NO_COMMON_BLOCKS = YES;
				GCC_WARN_64_TO_32_BIT_CONVERSION = YES;
				GCC_WARN_ABOUT_RETURN_TYPE = YES_ERROR;
				GCC_WARN_UNDECLARED_SELECTOR = YES;
				GCC_WARN_UNINITIALIZED_AUTOS = YES_AGGRESSIVE;
				GCC_WARN_UNUSED_FUNCTION = YES;
				GCC_WARN_UNUSED_VARIABLE = YES;
				IPHONEOS_DEPLOYMENT_TARGET = 13.4;
				MTL_ENABLE_DEBUG_INFO = NO;
				MTL_FAST_MATH = YES;
				SDKROOT = iphoneos;
				SWIFT_COMPILATION_MODE = wholemodule;
				SWIFT_OPTIMIZATION_LEVEL = "-O";
				VALIDATE_PRODUCT = YES;
			};
			name = Release;
		};
		84BFF06E246C1D770018296F /* Debug */ = {
			isa = XCBuildConfiguration;
			buildSettings = {
				ASSETCATALOG_COMPILER_APPICON_NAME = AppIcon;
				CODE_SIGN_STYLE = Automatic;
				DEVELOPMENT_ASSET_PATHS = "\"Bible Buddy/Preview Content\"";
				ENABLE_PREVIEWS = YES;
				INFOPLIST_FILE = "Bible Buddy/Info.plist";
				LD_RUNPATH_SEARCH_PATHS = (
					"$(inherited)",
					"@executable_path/Frameworks",
				);
				PRODUCT_BUNDLE_IDENTIFIER = "PIOSE-Gruppe03.Bible-Buddy";
				PRODUCT_NAME = "$(TARGET_NAME)";
				SWIFT_VERSION = 5.0;
				TARGETED_DEVICE_FAMILY = "1,2";
			};
			name = Debug;
		};
		84BFF06F246C1D770018296F /* Release */ = {
			isa = XCBuildConfiguration;
			buildSettings = {
				ASSETCATALOG_COMPILER_APPICON_NAME = AppIcon;
				CODE_SIGN_STYLE = Automatic;
				DEVELOPMENT_ASSET_PATHS = "\"Bible Buddy/Preview Content\"";
				ENABLE_PREVIEWS = YES;
				INFOPLIST_FILE = "Bible Buddy/Info.plist";
				LD_RUNPATH_SEARCH_PATHS = (
					"$(inherited)",
					"@executable_path/Frameworks",
				);
				PRODUCT_BUNDLE_IDENTIFIER = "PIOSE-Gruppe03.Bible-Buddy";
				PRODUCT_NAME = "$(TARGET_NAME)";
				SWIFT_VERSION = 5.0;
				TARGETED_DEVICE_FAMILY = "1,2";
			};
			name = Release;
		};
/* End XCBuildConfiguration section */

/* Begin XCConfigurationList section */
		84BFF054246C1D760018296F /* Build configuration list for PBXProject "Bible Buddy" */ = {
			isa = XCConfigurationList;
			buildConfigurations = (
				84BFF06B246C1D770018296F /* Debug */,
				84BFF06C246C1D770018296F /* Release */,
			);
			defaultConfigurationIsVisible = 0;
			defaultConfigurationName = Release;
		};
		84BFF06D246C1D770018296F /* Build configuration list for PBXNativeTarget "Bible Buddy" */ = {
			isa = XCConfigurationList;
			buildConfigurations = (
				84BFF06E246C1D770018296F /* Debug */,
				84BFF06F246C1D770018296F /* Release */,
			);
			defaultConfigurationIsVisible = 0;
			defaultConfigurationName = Release;
		};
/* End XCConfigurationList section */
	};
	rootObject = 84BFF051246C1D760018296F /* Project object */;
}
