// !$*UTF8*$!
{
	archiveVersion = 1;
	classes = {
	};
	objectVersion = 52;
	objects = {

/* Begin PBXBuildFile section */
		07746FFFC56752292BC4F921 /* Pods_Bible_Buddy.framework in Frameworks */ = {isa = PBXBuildFile; fileRef = C2D10F635B0740AC0E7B46ED /* Pods_Bible_Buddy.framework */; };
		11420BB32492721100C74801 /* ImagePickerViewController.swift in Sources */ = {isa = PBXBuildFile; fileRef = 11420BB22492721100C74801 /* ImagePickerViewController.swift */; };
		11420BB5249274A500C74801 /* ImagePicker1.swift in Sources */ = {isa = PBXBuildFile; fileRef = 11420BB4249274A500C74801 /* ImagePicker1.swift */; };
		11420BB82492F0B800C74801 /* MyTextFieldStyle.swift in Sources */ = {isa = PBXBuildFile; fileRef = 11420BB72492F0B800C74801 /* MyTextFieldStyle.swift */; };
		11420BBA24930C9500C74801 /* ImageUploadService.swift in Sources */ = {isa = PBXBuildFile; fileRef = 11420BB924930C9500C74801 /* ImageUploadService.swift */; };
		11B975F42480584700680B54 /* BlogPost.swift in Sources */ = {isa = PBXBuildFile; fileRef = 11B975F32480584700680B54 /* BlogPost.swift */; };
		11B975F82480F14F00680B54 /* BlogPostCard.swift in Sources */ = {isa = PBXBuildFile; fileRef = 11B975F72480F14F00680B54 /* BlogPostCard.swift */; };
		11B975FA2480FC5900680B54 /* BlogPostDetailView.swift in Sources */ = {isa = PBXBuildFile; fileRef = 11B975F92480FC5900680B54 /* BlogPostDetailView.swift */; };
		11B975FD24812A6D00680B54 /* .gitignore in Resources */ = {isa = PBXBuildFile; fileRef = 11B975FB24812A6C00680B54 /* .gitignore */; };
		11B975FE24812A6D00680B54 /* .gitattributes in Resources */ = {isa = PBXBuildFile; fileRef = 11B975FC24812A6D00680B54 /* .gitattributes */; };
		11FE910C24814246000C8ED6 /* BlogPostListVM.swift in Sources */ = {isa = PBXBuildFile; fileRef = 11FE910B24814246000C8ED6 /* BlogPostListVM.swift */; };
		11FE910E2481425F000C8ED6 /* BlogPostVM.swift in Sources */ = {isa = PBXBuildFile; fileRef = 11FE910D2481425F000C8ED6 /* BlogPostVM.swift */; };
		11FE91102482B009000C8ED6 /* BlogPostEditView.swift in Sources */ = {isa = PBXBuildFile; fileRef = 11FE910F2482B009000C8ED6 /* BlogPostEditView.swift */; };
		11FE9112248526FC000C8ED6 /* TextView.swift in Sources */ = {isa = PBXBuildFile; fileRef = 11FE9111248526FC000C8ED6 /* TextView.swift */; };
		11FE911624868BE0000C8ED6 /* UserProfile.swift in Sources */ = {isa = PBXBuildFile; fileRef = 11FE911524868BE0000C8ED6 /* UserProfile.swift */; };
		11FE911A2486A2C5000C8ED6 /* UserProfileVM.swift in Sources */ = {isa = PBXBuildFile; fileRef = 11FE91192486A2C5000C8ED6 /* UserProfileVM.swift */; };
		11FE911C248A8172000C8ED6 /* URLImage.swift in Sources */ = {isa = PBXBuildFile; fileRef = 11FE911B248A8172000C8ED6 /* URLImage.swift */; };
		840420D824AB4951007C58FD /* IQKeyboardManagerSwift in Frameworks */ = {isa = PBXBuildFile; productRef = 840420D724AB4951007C58FD /* IQKeyboardManagerSwift */; };
		842640F0249682FA00C464B4 /* HTMLStringView.swift in Sources */ = {isa = PBXBuildFile; fileRef = 842640EF249682FA00C464B4 /* HTMLStringView.swift */; };
		842640F82497F28900C464B4 /* Books.swift in Sources */ = {isa = PBXBuildFile; fileRef = 842640F72497F28900C464B4 /* Books.swift */; };
		842640FA2497F2D400C464B4 /* BibleBookTableOfContents.swift in Sources */ = {isa = PBXBuildFile; fileRef = 842640F92497F2D400C464B4 /* BibleBookTableOfContents.swift */; };
		84264102249808CC00C464B4 /* ChaptersList.swift in Sources */ = {isa = PBXBuildFile; fileRef = 84264101249808CC00C464B4 /* ChaptersList.swift */; };
		8426410424980BBA00C464B4 /* BibleChapterTableOfContents.swift in Sources */ = {isa = PBXBuildFile; fileRef = 8426410324980BBA00C464B4 /* BibleChapterTableOfContents.swift */; };
		842F7D87248BAD540070900E /* SideMenuItemIsActive.swift in Sources */ = {isa = PBXBuildFile; fileRef = 842F7D86248BAD540070900E /* SideMenuItemIsActive.swift */; };
		843388A3249CC0760029A046 /* SDWebImageSwiftUI in Frameworks */ = {isa = PBXBuildFile; productRef = 843388A2249CC0760029A046 /* SDWebImageSwiftUI */; };
		84475BD124A2153D0020187A /* BlogPostRepository.swift in Sources */ = {isa = PBXBuildFile; fileRef = 84475BD024A2153D0020187A /* BlogPostRepository.swift */; };
		84475BD324A215420020187A /* FirestoreBlogPostRepository.swift in Sources */ = {isa = PBXBuildFile; fileRef = 84475BD224A215420020187A /* FirestoreBlogPostRepository.swift */; };
		84475BD524A2155D0020187A /* FirestoreUserProfileRepository.swift in Sources */ = {isa = PBXBuildFile; fileRef = 84475BD424A2155D0020187A /* FirestoreUserProfileRepository.swift */; };
		84475BD724A2156B0020187A /* SessionStore.swift in Sources */ = {isa = PBXBuildFile; fileRef = 84475BD624A2156B0020187A /* SessionStore.swift */; };
		84475BD924A215730020187A /* UserProfileRepository.swift in Sources */ = {isa = PBXBuildFile; fileRef = 84475BD824A215730020187A /* UserProfileRepository.swift */; };
		845FDF0824912A5700A0CF33 /* Events.swift in Sources */ = {isa = PBXBuildFile; fileRef = 845FDF0724912A5700A0CF33 /* Events.swift */; };
		845FDF0A24912A6600A0CF33 /* EventsDetail.swift in Sources */ = {isa = PBXBuildFile; fileRef = 845FDF0924912A6600A0CF33 /* EventsDetail.swift */; };
		845FDF0C24912A6D00A0CF33 /* Landmark.swift in Sources */ = {isa = PBXBuildFile; fileRef = 845FDF0B24912A6D00A0CF33 /* Landmark.swift */; };
		845FDF1024912A8700A0CF33 /* MapView.swift in Sources */ = {isa = PBXBuildFile; fileRef = 845FDF0F24912A8700A0CF33 /* MapView.swift */; };
		845FDF1224912A8F00A0CF33 /* RemoteImage.swift in Sources */ = {isa = PBXBuildFile; fileRef = 845FDF1124912A8F00A0CF33 /* RemoteImage.swift */; };
		845FDF1424912BE400A0CF33 /* ImageLoader.swift in Sources */ = {isa = PBXBuildFile; fileRef = 845FDF1324912BE400A0CF33 /* ImageLoader.swift */; };
		848609F524968D3100C72648 /* TextDescription.swift in Sources */ = {isa = PBXBuildFile; fileRef = 848609F424968D3100C72648 /* TextDescription.swift */; };
		848CC578247534050000A1F3 /* WelcomeTextView.swift in Sources */ = {isa = PBXBuildFile; fileRef = 848CC570247534050000A1F3 /* WelcomeTextView.swift */; };
		848CC579247534050000A1F3 /* HomeViewLoggedOut.swift in Sources */ = {isa = PBXBuildFile; fileRef = 848CC571247534050000A1F3 /* HomeViewLoggedOut.swift */; };
		848CC57A247534050000A1F3 /* Carousel.swift in Sources */ = {isa = PBXBuildFile; fileRef = 848CC572247534050000A1F3 /* Carousel.swift */; };
		848CC57B247534050000A1F3 /* CarouselCard.swift in Sources */ = {isa = PBXBuildFile; fileRef = 848CC573247534050000A1F3 /* CarouselCard.swift */; };
		848CC57C247534050000A1F3 /* SideMenuView.swift in Sources */ = {isa = PBXBuildFile; fileRef = 848CC574247534050000A1F3 /* SideMenuView.swift */; };
		848CC57D247534050000A1F3 /* TestView.swift in Sources */ = {isa = PBXBuildFile; fileRef = 848CC575247534050000A1F3 /* TestView.swift */; };
		848CC57E247534050000A1F3 /* SideMenuItem.swift in Sources */ = {isa = PBXBuildFile; fileRef = 848CC576247534050000A1F3 /* SideMenuItem.swift */; };
		848CC57F247534050000A1F3 /* SignInUpNavigationLink.swift in Sources */ = {isa = PBXBuildFile; fileRef = 848CC577247534050000A1F3 /* SignInUpNavigationLink.swift */; };
		848CC583247539590000A1F3 /* GoogleService-Info.plist in Resources */ = {isa = PBXBuildFile; fileRef = 848CC582247539590000A1F3 /* GoogleService-Info.plist */; };
		848CC58924754BE00000A1F3 /* SignInUpView.swift in Sources */ = {isa = PBXBuildFile; fileRef = 848CC58824754BE00000A1F3 /* SignInUpView.swift */; };
		848CC58D2475824C0000A1F3 /* HomeViewLoggedIn.swift in Sources */ = {isa = PBXBuildFile; fileRef = 848CC58C2475824C0000A1F3 /* HomeViewLoggedIn.swift */; };
		848CC5912476753F0000A1F3 /* ErrorText.swift in Sources */ = {isa = PBXBuildFile; fileRef = 848CC5902476753F0000A1F3 /* ErrorText.swift */; };
		84B30867249CC37F008777F2 /* ChatView.swift in Sources */ = {isa = PBXBuildFile; fileRef = 84B30866249CC37F008777F2 /* ChatView.swift */; };
		84B3086B249CC3E9008777F2 /* CreateAccount.swift in Sources */ = {isa = PBXBuildFile; fileRef = 84B3086A249CC3E9008777F2 /* CreateAccount.swift */; };
		84B3086D249CC403008777F2 /* ChatRepository.swift in Sources */ = {isa = PBXBuildFile; fileRef = 84B3086C249CC403008777F2 /* ChatRepository.swift */; };
		84B3086F249CC409008777F2 /* checkUser.swift in Sources */ = {isa = PBXBuildFile; fileRef = 84B3086E249CC409008777F2 /* checkUser.swift */; };
		84B30871249CC40E008777F2 /* CreateUser.swift in Sources */ = {isa = PBXBuildFile; fileRef = 84B30870249CC40E008777F2 /* CreateUser.swift */; };
		84B30873249CC41C008777F2 /* EventsApi.swift in Sources */ = {isa = PBXBuildFile; fileRef = 84B30872249CC41C008777F2 /* EventsApi.swift */; };
		84B30875249CC421008777F2 /* ImagePicker.swift in Sources */ = {isa = PBXBuildFile; fileRef = 84B30874249CC421008777F2 /* ImagePicker.swift */; };
		84B30877249CC426008777F2 /* Indicator.swift in Sources */ = {isa = PBXBuildFile; fileRef = 84B30876249CC426008777F2 /* Indicator.swift */; };
		84BF3CCA249FA08A00C9C1F2 /* Bible.swift in Sources */ = {isa = PBXBuildFile; fileRef = 84BF3CC9249FA08A00C9C1F2 /* Bible.swift */; };
		84BF3CCC249FC9F400C9C1F2 /* BibleBookAndChapterNavigationLink.swift in Sources */ = {isa = PBXBuildFile; fileRef = 84BF3CCB249FC9F400C9C1F2 /* BibleBookAndChapterNavigationLink.swift */; };
		84BF3CD0249FF1BD00C9C1F2 /* ChapterData.swift in Sources */ = {isa = PBXBuildFile; fileRef = 84BF3CCF249FF1BD00C9C1F2 /* ChapterData.swift */; };
		84BFF05D246C1D760018296F /* AppDelegate.swift in Sources */ = {isa = PBXBuildFile; fileRef = 84BFF05C246C1D760018296F /* AppDelegate.swift */; };
		84BFF05F246C1D760018296F /* SceneDelegate.swift in Sources */ = {isa = PBXBuildFile; fileRef = 84BFF05E246C1D760018296F /* SceneDelegate.swift */; };
		84BFF061246C1D760018296F /* ContentView.swift in Sources */ = {isa = PBXBuildFile; fileRef = 84BFF060246C1D760018296F /* ContentView.swift */; };
		84BFF063246C1D770018296F /* Assets.xcassets in Resources */ = {isa = PBXBuildFile; fileRef = 84BFF062246C1D770018296F /* Assets.xcassets */; };
		84BFF066246C1D770018296F /* Preview Assets.xcassets in Resources */ = {isa = PBXBuildFile; fileRef = 84BFF065246C1D770018296F /* Preview Assets.xcassets */; };
		84BFF069246C1D770018296F /* LaunchScreen.storyboard in Resources */ = {isa = PBXBuildFile; fileRef = 84BFF067246C1D770018296F /* LaunchScreen.storyboard */; };
		84BFF075246C1DDE0018296F /* EventsView.swift in Sources */ = {isa = PBXBuildFile; fileRef = 84BFF074246C1DDE0018296F /* EventsView.swift */; };
		84BFF077246C1E020018296F /* BibleChapterContent.swift in Sources */ = {isa = PBXBuildFile; fileRef = 84BFF076246C1E020018296F /* BibleChapterContent.swift */; };
		84BFF079246C1E220018296F /* BlogView.swift in Sources */ = {isa = PBXBuildFile; fileRef = 84BFF078246C1E220018296F /* BlogView.swift */; };
		84C574592484FF9A006057C2 /* TextMessage.swift in Sources */ = {isa = PBXBuildFile; fileRef = 84C574582484FF9A006057C2 /* TextMessage.swift */; };
		84C5745B24850020006057C2 /* PasswordField.swift in Sources */ = {isa = PBXBuildFile; fileRef = 84C5745A24850020006057C2 /* PasswordField.swift */; };
		84C5745D2485008D006057C2 /* ManageUserButton.swift in Sources */ = {isa = PBXBuildFile; fileRef = 84C5745C2485008D006057C2 /* ManageUserButton.swift */; };
		84E174D824841477007E6A54 /* ProfilePageView.swift in Sources */ = {isa = PBXBuildFile; fileRef = 84E174D724841477007E6A54 /* ProfilePageView.swift */; };
		84E174DA248414A1007E6A54 /* UpdateEmailPasswordView.swift in Sources */ = {isa = PBXBuildFile; fileRef = 84E174D9248414A1007E6A54 /* UpdateEmailPasswordView.swift */; };
		84E174DC248414FC007E6A54 /* ForgotPasswordView.swift in Sources */ = {isa = PBXBuildFile; fileRef = 84E174DB248414FC007E6A54 /* ForgotPasswordView.swift */; };
		84E174DE24841AFB007E6A54 /* ProfileMenuItem.swift in Sources */ = {isa = PBXBuildFile; fileRef = 84E174DD24841AFB007E6A54 /* ProfileMenuItem.swift */; };
		84E174E024841DF7007E6A54 /* DeleteProfileView.swift in Sources */ = {isa = PBXBuildFile; fileRef = 84E174DF24841DF7007E6A54 /* DeleteProfileView.swift */; };
		84E174E224845523007E6A54 /* EmailField.swift in Sources */ = {isa = PBXBuildFile; fileRef = 84E174E124845523007E6A54 /* EmailField.swift */; };
		84EB63FE2498FDF400C79458 /* LoadingView.swift in Sources */ = {isa = PBXBuildFile; fileRef = 84EB63FD2498FDF400C79458 /* LoadingView.swift */; };
		84EB6400249908A700C79458 /* ChapterContent.swift in Sources */ = {isa = PBXBuildFile; fileRef = 84EB63FF249908A700C79458 /* ChapterContent.swift */; };
		84F387D5248B9C3B00AF85D1 /* SignInUpNavigationLinkIsActive.swift in Sources */ = {isa = PBXBuildFile; fileRef = 84F387D4248B9C3B00AF85D1 /* SignInUpNavigationLinkIsActive.swift */; };
/* End PBXBuildFile section */

/* Begin PBXFileReference section */
		11420BB22492721100C74801 /* ImagePickerViewController.swift */ = {isa = PBXFileReference; lastKnownFileType = sourcecode.swift; path = ImagePickerViewController.swift; sourceTree = "<group>"; };
		11420BB4249274A500C74801 /* ImagePicker1.swift */ = {isa = PBXFileReference; lastKnownFileType = sourcecode.swift; path = ImagePicker1.swift; sourceTree = "<group>"; };
		11420BB72492F0B800C74801 /* MyTextFieldStyle.swift */ = {isa = PBXFileReference; lastKnownFileType = sourcecode.swift; path = MyTextFieldStyle.swift; sourceTree = "<group>"; };
		11420BB924930C9500C74801 /* ImageUploadService.swift */ = {isa = PBXFileReference; lastKnownFileType = sourcecode.swift; path = ImageUploadService.swift; sourceTree = "<group>"; };
		11B975F32480584700680B54 /* BlogPost.swift */ = {isa = PBXFileReference; lastKnownFileType = sourcecode.swift; path = BlogPost.swift; sourceTree = "<group>"; };
		11B975F72480F14F00680B54 /* BlogPostCard.swift */ = {isa = PBXFileReference; lastKnownFileType = sourcecode.swift; path = BlogPostCard.swift; sourceTree = "<group>"; };
		11B975F92480FC5900680B54 /* BlogPostDetailView.swift */ = {isa = PBXFileReference; lastKnownFileType = sourcecode.swift; path = BlogPostDetailView.swift; sourceTree = "<group>"; };
		11B975FB24812A6C00680B54 /* .gitignore */ = {isa = PBXFileReference; fileEncoding = 4; lastKnownFileType = text; path = .gitignore; sourceTree = "<group>"; };
		11B975FC24812A6D00680B54 /* .gitattributes */ = {isa = PBXFileReference; fileEncoding = 4; lastKnownFileType = text; path = .gitattributes; sourceTree = "<group>"; };
		11FE910B24814246000C8ED6 /* BlogPostListVM.swift */ = {isa = PBXFileReference; lastKnownFileType = sourcecode.swift; path = BlogPostListVM.swift; sourceTree = "<group>"; };
		11FE910D2481425F000C8ED6 /* BlogPostVM.swift */ = {isa = PBXFileReference; lastKnownFileType = sourcecode.swift; path = BlogPostVM.swift; sourceTree = "<group>"; };
		11FE910F2482B009000C8ED6 /* BlogPostEditView.swift */ = {isa = PBXFileReference; lastKnownFileType = sourcecode.swift; path = BlogPostEditView.swift; sourceTree = "<group>"; };
		11FE9111248526FC000C8ED6 /* TextView.swift */ = {isa = PBXFileReference; lastKnownFileType = sourcecode.swift; path = TextView.swift; sourceTree = "<group>"; };
		11FE911524868BE0000C8ED6 /* UserProfile.swift */ = {isa = PBXFileReference; lastKnownFileType = sourcecode.swift; path = UserProfile.swift; sourceTree = "<group>"; };
		11FE91192486A2C5000C8ED6 /* UserProfileVM.swift */ = {isa = PBXFileReference; lastKnownFileType = sourcecode.swift; path = UserProfileVM.swift; sourceTree = "<group>"; };
		11FE911B248A8172000C8ED6 /* URLImage.swift */ = {isa = PBXFileReference; lastKnownFileType = sourcecode.swift; path = URLImage.swift; sourceTree = "<group>"; };
		7B1D545D5132C8DC09B714C3 /* Pods-Bible Buddy.release.xcconfig */ = {isa = PBXFileReference; includeInIndex = 1; lastKnownFileType = text.xcconfig; name = "Pods-Bible Buddy.release.xcconfig"; path = "Target Support Files/Pods-Bible Buddy/Pods-Bible Buddy.release.xcconfig"; sourceTree = "<group>"; };
		842640EF249682FA00C464B4 /* HTMLStringView.swift */ = {isa = PBXFileReference; lastKnownFileType = sourcecode.swift; path = HTMLStringView.swift; sourceTree = "<group>"; };
		842640F72497F28900C464B4 /* Books.swift */ = {isa = PBXFileReference; lastKnownFileType = sourcecode.swift; path = Books.swift; sourceTree = "<group>"; };
		842640F92497F2D400C464B4 /* BibleBookTableOfContents.swift */ = {isa = PBXFileReference; lastKnownFileType = sourcecode.swift; path = BibleBookTableOfContents.swift; sourceTree = "<group>"; };
		84264101249808CC00C464B4 /* ChaptersList.swift */ = {isa = PBXFileReference; lastKnownFileType = sourcecode.swift; path = ChaptersList.swift; sourceTree = "<group>"; };
		8426410324980BBA00C464B4 /* BibleChapterTableOfContents.swift */ = {isa = PBXFileReference; lastKnownFileType = sourcecode.swift; path = BibleChapterTableOfContents.swift; sourceTree = "<group>"; };
		842F7D86248BAD540070900E /* SideMenuItemIsActive.swift */ = {isa = PBXFileReference; lastKnownFileType = sourcecode.swift; path = SideMenuItemIsActive.swift; sourceTree = "<group>"; };
		84475BD024A2153D0020187A /* BlogPostRepository.swift */ = {isa = PBXFileReference; fileEncoding = 4; lastKnownFileType = sourcecode.swift; path = BlogPostRepository.swift; sourceTree = "<group>"; };
		84475BD224A215420020187A /* FirestoreBlogPostRepository.swift */ = {isa = PBXFileReference; fileEncoding = 4; lastKnownFileType = sourcecode.swift; path = FirestoreBlogPostRepository.swift; sourceTree = "<group>"; };
		84475BD424A2155D0020187A /* FirestoreUserProfileRepository.swift */ = {isa = PBXFileReference; fileEncoding = 4; lastKnownFileType = sourcecode.swift; path = FirestoreUserProfileRepository.swift; sourceTree = "<group>"; };
		84475BD624A2156B0020187A /* SessionStore.swift */ = {isa = PBXFileReference; fileEncoding = 4; lastKnownFileType = sourcecode.swift; path = SessionStore.swift; sourceTree = "<group>"; };
		84475BD824A215730020187A /* UserProfileRepository.swift */ = {isa = PBXFileReference; fileEncoding = 4; lastKnownFileType = sourcecode.swift; path = UserProfileRepository.swift; sourceTree = "<group>"; };
		845FDF0724912A5700A0CF33 /* Events.swift */ = {isa = PBXFileReference; fileEncoding = 4; lastKnownFileType = sourcecode.swift; path = Events.swift; sourceTree = "<group>"; };
		845FDF0924912A6600A0CF33 /* EventsDetail.swift */ = {isa = PBXFileReference; fileEncoding = 4; lastKnownFileType = sourcecode.swift; name = EventsDetail.swift; path = "Bible Buddy/Views/EventsDetail.swift"; sourceTree = SOURCE_ROOT; };
		845FDF0B24912A6D00A0CF33 /* Landmark.swift */ = {isa = PBXFileReference; fileEncoding = 4; lastKnownFileType = sourcecode.swift; path = Landmark.swift; sourceTree = "<group>"; };
		845FDF0F24912A8700A0CF33 /* MapView.swift */ = {isa = PBXFileReference; fileEncoding = 4; lastKnownFileType = sourcecode.swift; name = MapView.swift; path = "Bible Buddy/ViewModel/MapView.swift"; sourceTree = SOURCE_ROOT; };
		845FDF1124912A8F00A0CF33 /* RemoteImage.swift */ = {isa = PBXFileReference; fileEncoding = 4; lastKnownFileType = sourcecode.swift; path = RemoteImage.swift; sourceTree = "<group>"; };
		845FDF1324912BE400A0CF33 /* ImageLoader.swift */ = {isa = PBXFileReference; lastKnownFileType = sourcecode.swift; path = ImageLoader.swift; sourceTree = "<group>"; };
		848609F424968D3100C72648 /* TextDescription.swift */ = {isa = PBXFileReference; lastKnownFileType = sourcecode.swift; path = TextDescription.swift; sourceTree = "<group>"; };
		848CC570247534050000A1F3 /* WelcomeTextView.swift */ = {isa = PBXFileReference; fileEncoding = 4; lastKnownFileType = sourcecode.swift; path = WelcomeTextView.swift; sourceTree = "<group>"; };
		848CC571247534050000A1F3 /* HomeViewLoggedOut.swift */ = {isa = PBXFileReference; fileEncoding = 4; lastKnownFileType = sourcecode.swift; path = HomeViewLoggedOut.swift; sourceTree = "<group>"; };
		848CC572247534050000A1F3 /* Carousel.swift */ = {isa = PBXFileReference; fileEncoding = 4; lastKnownFileType = sourcecode.swift; path = Carousel.swift; sourceTree = "<group>"; };
		848CC573247534050000A1F3 /* CarouselCard.swift */ = {isa = PBXFileReference; fileEncoding = 4; lastKnownFileType = sourcecode.swift; path = CarouselCard.swift; sourceTree = "<group>"; };
		848CC574247534050000A1F3 /* SideMenuView.swift */ = {isa = PBXFileReference; fileEncoding = 4; lastKnownFileType = sourcecode.swift; path = SideMenuView.swift; sourceTree = "<group>"; };
		848CC575247534050000A1F3 /* TestView.swift */ = {isa = PBXFileReference; fileEncoding = 4; lastKnownFileType = sourcecode.swift; path = TestView.swift; sourceTree = "<group>"; };
		848CC576247534050000A1F3 /* SideMenuItem.swift */ = {isa = PBXFileReference; fileEncoding = 4; lastKnownFileType = sourcecode.swift; path = SideMenuItem.swift; sourceTree = "<group>"; };
		848CC577247534050000A1F3 /* SignInUpNavigationLink.swift */ = {isa = PBXFileReference; fileEncoding = 4; lastKnownFileType = sourcecode.swift; path = SignInUpNavigationLink.swift; sourceTree = "<group>"; };
		848CC582247539590000A1F3 /* GoogleService-Info.plist */ = {isa = PBXFileReference; fileEncoding = 4; lastKnownFileType = text.plist.xml; path = "GoogleService-Info.plist"; sourceTree = "<group>"; };
		848CC58824754BE00000A1F3 /* SignInUpView.swift */ = {isa = PBXFileReference; lastKnownFileType = sourcecode.swift; path = SignInUpView.swift; sourceTree = "<group>"; };
		848CC58C2475824C0000A1F3 /* HomeViewLoggedIn.swift */ = {isa = PBXFileReference; lastKnownFileType = sourcecode.swift; path = HomeViewLoggedIn.swift; sourceTree = "<group>"; };
		848CC5902476753F0000A1F3 /* ErrorText.swift */ = {isa = PBXFileReference; lastKnownFileType = sourcecode.swift; path = ErrorText.swift; sourceTree = "<group>"; };
		84B30866249CC37F008777F2 /* ChatView.swift */ = {isa = PBXFileReference; fileEncoding = 4; lastKnownFileType = sourcecode.swift; path = ChatView.swift; sourceTree = "<group>"; };
		84B3086A249CC3E9008777F2 /* CreateAccount.swift */ = {isa = PBXFileReference; fileEncoding = 4; lastKnownFileType = sourcecode.swift; path = CreateAccount.swift; sourceTree = "<group>"; };
		84B3086C249CC403008777F2 /* ChatRepository.swift */ = {isa = PBXFileReference; fileEncoding = 4; lastKnownFileType = sourcecode.swift; name = ChatRepository.swift; path = "Bible Buddy/Repository/ChatRepository.swift"; sourceTree = SOURCE_ROOT; };
		84B3086E249CC409008777F2 /* checkUser.swift */ = {isa = PBXFileReference; fileEncoding = 4; lastKnownFileType = sourcecode.swift; path = checkUser.swift; sourceTree = "<group>"; };
		84B30870249CC40E008777F2 /* CreateUser.swift */ = {isa = PBXFileReference; fileEncoding = 4; lastKnownFileType = sourcecode.swift; path = CreateUser.swift; sourceTree = "<group>"; };
		84B30872249CC41C008777F2 /* EventsApi.swift */ = {isa = PBXFileReference; fileEncoding = 4; lastKnownFileType = sourcecode.swift; path = EventsApi.swift; sourceTree = "<group>"; };
		84B30874249CC421008777F2 /* ImagePicker.swift */ = {isa = PBXFileReference; fileEncoding = 4; lastKnownFileType = sourcecode.swift; path = ImagePicker.swift; sourceTree = "<group>"; };
		84B30876249CC426008777F2 /* Indicator.swift */ = {isa = PBXFileReference; fileEncoding = 4; lastKnownFileType = sourcecode.swift; path = Indicator.swift; sourceTree = "<group>"; };
		84BF3CC9249FA08A00C9C1F2 /* Bible.swift */ = {isa = PBXFileReference; lastKnownFileType = sourcecode.swift; path = Bible.swift; sourceTree = "<group>"; };
		84BF3CCB249FC9F400C9C1F2 /* BibleBookAndChapterNavigationLink.swift */ = {isa = PBXFileReference; lastKnownFileType = sourcecode.swift; path = BibleBookAndChapterNavigationLink.swift; sourceTree = "<group>"; };
		84BF3CCF249FF1BD00C9C1F2 /* ChapterData.swift */ = {isa = PBXFileReference; lastKnownFileType = sourcecode.swift; path = ChapterData.swift; sourceTree = "<group>"; };
		84BFF059246C1D760018296F /* Bible Buddy.app */ = {isa = PBXFileReference; explicitFileType = wrapper.application; includeInIndex = 0; path = "Bible Buddy.app"; sourceTree = BUILT_PRODUCTS_DIR; };
		84BFF05C246C1D760018296F /* AppDelegate.swift */ = {isa = PBXFileReference; lastKnownFileType = sourcecode.swift; path = AppDelegate.swift; sourceTree = "<group>"; };
		84BFF05E246C1D760018296F /* SceneDelegate.swift */ = {isa = PBXFileReference; lastKnownFileType = sourcecode.swift; path = SceneDelegate.swift; sourceTree = "<group>"; };
		84BFF060246C1D760018296F /* ContentView.swift */ = {isa = PBXFileReference; lastKnownFileType = sourcecode.swift; path = ContentView.swift; sourceTree = "<group>"; };
		84BFF062246C1D770018296F /* Assets.xcassets */ = {isa = PBXFileReference; lastKnownFileType = folder.assetcatalog; path = Assets.xcassets; sourceTree = "<group>"; };
		84BFF065246C1D770018296F /* Preview Assets.xcassets */ = {isa = PBXFileReference; lastKnownFileType = folder.assetcatalog; path = "Preview Assets.xcassets"; sourceTree = "<group>"; };
		84BFF068246C1D770018296F /* Base */ = {isa = PBXFileReference; lastKnownFileType = file.storyboard; name = Base; path = Base.lproj/LaunchScreen.storyboard; sourceTree = "<group>"; };
		84BFF06A246C1D770018296F /* Info.plist */ = {isa = PBXFileReference; lastKnownFileType = text.plist.xml; path = Info.plist; sourceTree = "<group>"; };
		84BFF074246C1DDE0018296F /* EventsView.swift */ = {isa = PBXFileReference; lastKnownFileType = sourcecode.swift; path = EventsView.swift; sourceTree = "<group>"; };
		84BFF076246C1E020018296F /* BibleChapterContent.swift */ = {isa = PBXFileReference; lastKnownFileType = sourcecode.swift; path = BibleChapterContent.swift; sourceTree = "<group>"; };
		84BFF078246C1E220018296F /* BlogView.swift */ = {isa = PBXFileReference; lastKnownFileType = sourcecode.swift; path = BlogView.swift; sourceTree = "<group>"; };
		84C574582484FF9A006057C2 /* TextMessage.swift */ = {isa = PBXFileReference; lastKnownFileType = sourcecode.swift; path = TextMessage.swift; sourceTree = "<group>"; };
		84C5745A24850020006057C2 /* PasswordField.swift */ = {isa = PBXFileReference; lastKnownFileType = sourcecode.swift; path = PasswordField.swift; sourceTree = "<group>"; };
		84C5745C2485008D006057C2 /* ManageUserButton.swift */ = {isa = PBXFileReference; lastKnownFileType = sourcecode.swift; path = ManageUserButton.swift; sourceTree = "<group>"; };
		84E174D724841477007E6A54 /* ProfilePageView.swift */ = {isa = PBXFileReference; lastKnownFileType = sourcecode.swift; path = ProfilePageView.swift; sourceTree = "<group>"; };
		84E174D9248414A1007E6A54 /* UpdateEmailPasswordView.swift */ = {isa = PBXFileReference; lastKnownFileType = sourcecode.swift; path = UpdateEmailPasswordView.swift; sourceTree = "<group>"; };
		84E174DB248414FC007E6A54 /* ForgotPasswordView.swift */ = {isa = PBXFileReference; lastKnownFileType = sourcecode.swift; path = ForgotPasswordView.swift; sourceTree = "<group>"; };
		84E174DD24841AFB007E6A54 /* ProfileMenuItem.swift */ = {isa = PBXFileReference; lastKnownFileType = sourcecode.swift; path = ProfileMenuItem.swift; sourceTree = "<group>"; };
		84E174DF24841DF7007E6A54 /* DeleteProfileView.swift */ = {isa = PBXFileReference; lastKnownFileType = sourcecode.swift; path = DeleteProfileView.swift; sourceTree = "<group>"; };
		84E174E124845523007E6A54 /* EmailField.swift */ = {isa = PBXFileReference; lastKnownFileType = sourcecode.swift; path = EmailField.swift; sourceTree = "<group>"; };
		84EB63FD2498FDF400C79458 /* LoadingView.swift */ = {isa = PBXFileReference; lastKnownFileType = sourcecode.swift; path = LoadingView.swift; sourceTree = "<group>"; };
		84EB63FF249908A700C79458 /* ChapterContent.swift */ = {isa = PBXFileReference; lastKnownFileType = sourcecode.swift; path = ChapterContent.swift; sourceTree = "<group>"; };
		84F387D4248B9C3B00AF85D1 /* SignInUpNavigationLinkIsActive.swift */ = {isa = PBXFileReference; lastKnownFileType = sourcecode.swift; path = SignInUpNavigationLinkIsActive.swift; sourceTree = "<group>"; };
		C2D10F635B0740AC0E7B46ED /* Pods_Bible_Buddy.framework */ = {isa = PBXFileReference; explicitFileType = wrapper.framework; includeInIndex = 0; path = Pods_Bible_Buddy.framework; sourceTree = BUILT_PRODUCTS_DIR; };
		F045A889704DBB1F54D8EAD6 /* Pods-Bible Buddy.debug.xcconfig */ = {isa = PBXFileReference; includeInIndex = 1; lastKnownFileType = text.xcconfig; name = "Pods-Bible Buddy.debug.xcconfig"; path = "Target Support Files/Pods-Bible Buddy/Pods-Bible Buddy.debug.xcconfig"; sourceTree = "<group>"; };
/* End PBXFileReference section */

/* Begin PBXFrameworksBuildPhase section */
		84BFF056246C1D760018296F /* Frameworks */ = {
			isa = PBXFrameworksBuildPhase;
			buildActionMask = 2147483647;
			files = (
				843388A3249CC0760029A046 /* SDWebImageSwiftUI in Frameworks */,
				07746FFFC56752292BC4F921 /* Pods_Bible_Buddy.framework in Frameworks */,
				840420D824AB4951007C58FD /* IQKeyboardManagerSwift in Frameworks */,
			);
			runOnlyForDeploymentPostprocessing = 0;
		};
/* End PBXFrameworksBuildPhase section */

/* Begin PBXGroup section */
		0F249CC151EE67B74A041FF3 /* Frameworks */ = {
			isa = PBXGroup;
			children = (
				C2D10F635B0740AC0E7B46ED /* Pods_Bible_Buddy.framework */,
			);
			name = Frameworks;
			sourceTree = "<group>";
		};
		11420BB62492F08700C74801 /* Styles */ = {
			isa = PBXGroup;
			children = (
				11420BB72492F0B800C74801 /* MyTextFieldStyle.swift */,
			);
			path = Styles;
			sourceTree = "<group>";
		};
		11FE910A24813E31000C8ED6 /* ViewModel */ = {
			isa = PBXGroup;
			children = (
				845FDF1124912A8F00A0CF33 /* RemoteImage.swift */,
				11FE910B24814246000C8ED6 /* BlogPostListVM.swift */,
				11FE910D2481425F000C8ED6 /* BlogPostVM.swift */,
				11FE91192486A2C5000C8ED6 /* UserProfileVM.swift */,
				84BF3CC9249FA08A00C9C1F2 /* Bible.swift */,
			);
			path = ViewModel;
			sourceTree = "<group>";
		};
		7261FE6EE7A164B5328CFB1D /* Pods */ = {
			isa = PBXGroup;
			children = (
				F045A889704DBB1F54D8EAD6 /* Pods-Bible Buddy.debug.xcconfig */,
				7B1D545D5132C8DC09B714C3 /* Pods-Bible Buddy.release.xcconfig */,
			);
			path = Pods;
			sourceTree = "<group>";
		};
		84BFF050246C1D760018296F = {
			isa = PBXGroup;
			children = (
				11B975FC24812A6D00680B54 /* .gitattributes */,
				11B975FB24812A6C00680B54 /* .gitignore */,
				84BFF05B246C1D760018296F /* Bible Buddy */,
				84BFF05A246C1D760018296F /* Products */,
				7261FE6EE7A164B5328CFB1D /* Pods */,
				0F249CC151EE67B74A041FF3 /* Frameworks */,
			);
			sourceTree = "<group>";
		};
		84BFF05A246C1D760018296F /* Products */ = {
			isa = PBXGroup;
			children = (
				84BFF059246C1D760018296F /* Bible Buddy.app */,
			);
			name = Products;
			sourceTree = "<group>";
		};
		84BFF05B246C1D760018296F /* Bible Buddy */ = {
			isa = PBXGroup;
			children = (
				11420BB62492F08700C74801 /* Styles */,
				11FE910A24813E31000C8ED6 /* ViewModel */,
				84DCE46B247A7E87005AA691 /* Repository */,
				84BFF070246C1D8D0018296F /* Model */,
				84BFF05C246C1D760018296F /* AppDelegate.swift */,
				84BFF05E246C1D760018296F /* SceneDelegate.swift */,
				84BFF071246C1D9F0018296F /* Views */,
				84BFF062246C1D770018296F /* Assets.xcassets */,
				84BFF067246C1D770018296F /* LaunchScreen.storyboard */,
				848CC582247539590000A1F3 /* GoogleService-Info.plist */,
				84BFF06A246C1D770018296F /* Info.plist */,
				84BFF064246C1D770018296F /* Preview Content */,
			);
			path = "Bible Buddy";
			sourceTree = "<group>";
		};
		84BFF064246C1D770018296F /* Preview Content */ = {
			isa = PBXGroup;
			children = (
				84BFF065246C1D770018296F /* Preview Assets.xcassets */,
			);
			path = "Preview Content";
			sourceTree = "<group>";
		};
		84BFF070246C1D8D0018296F /* Model */ = {
			isa = PBXGroup;
			children = (
				84B30874249CC421008777F2 /* ImagePicker.swift */,
				84B30876249CC426008777F2 /* Indicator.swift */,
				84B30872249CC41C008777F2 /* EventsApi.swift */,
				11B975F32480584700680B54 /* BlogPost.swift */,
				845FDF0B24912A6D00A0CF33 /* Landmark.swift */,
				845FDF0F24912A8700A0CF33 /* MapView.swift */,
				11420BB924930C9500C74801 /* ImageUploadService.swift */,
				845FDF0724912A5700A0CF33 /* Events.swift */,
				11FE911524868BE0000C8ED6 /* UserProfile.swift */,
				11FE911B248A8172000C8ED6 /* URLImage.swift */,
				845FDF1324912BE400A0CF33 /* ImageLoader.swift */,
				842640F72497F28900C464B4 /* Books.swift */,
				84264101249808CC00C464B4 /* ChaptersList.swift */,
				84EB63FF249908A700C79458 /* ChapterContent.swift */,
				84BF3CCF249FF1BD00C9C1F2 /* ChapterData.swift */,
			);
			path = Model;
			sourceTree = "<group>";
		};
		84BFF071246C1D9F0018296F /* Views */ = {
			isa = PBXGroup;
			children = (
				11B975F72480F14F00680B54 /* BlogPostCard.swift */,
				11B975F92480FC5900680B54 /* BlogPostDetailView.swift */,
				11FE910F2482B009000C8ED6 /* BlogPostEditView.swift */,
				84B3086A249CC3E9008777F2 /* CreateAccount.swift */,
				84B30866249CC37F008777F2 /* ChatView.swift */,
				84B3086C249CC403008777F2 /* ChatRepository.swift */,
				845FDF0924912A6600A0CF33 /* EventsDetail.swift */,
				848CC572247534050000A1F3 /* Carousel.swift */,
				848CC573247534050000A1F3 /* CarouselCard.swift */,
				84BFF060246C1D760018296F /* ContentView.swift */,
				84E174DF24841DF7007E6A54 /* DeleteProfileView.swift */,
				84E174E124845523007E6A54 /* EmailField.swift */,
				848CC5902476753F0000A1F3 /* ErrorText.swift */,
				84BFF074246C1DDE0018296F /* EventsView.swift */,
				84BFF076246C1E020018296F /* BibleChapterContent.swift */,
				84BFF078246C1E220018296F /* BlogView.swift */,
				84E174DB248414FC007E6A54 /* ForgotPasswordView.swift */,
				848CC58C2475824C0000A1F3 /* HomeViewLoggedIn.swift */,
				848CC571247534050000A1F3 /* HomeViewLoggedOut.swift */,
				11420BB4249274A500C74801 /* ImagePicker1.swift */,
				11420BB22492721100C74801 /* ImagePickerViewController.swift */,
				84C5745C2485008D006057C2 /* ManageUserButton.swift */,
				84C5745A24850020006057C2 /* PasswordField.swift */,
				84E174DD24841AFB007E6A54 /* ProfileMenuItem.swift */,
				84E174D724841477007E6A54 /* ProfilePageView.swift */,
				848CC576247534050000A1F3 /* SideMenuItem.swift */,
				842F7D86248BAD540070900E /* SideMenuItemIsActive.swift */,
				848CC574247534050000A1F3 /* SideMenuView.swift */,
				848CC577247534050000A1F3 /* SignInUpNavigationLink.swift */,
				84F387D4248B9C3B00AF85D1 /* SignInUpNavigationLinkIsActive.swift */,
				848CC58824754BE00000A1F3 /* SignInUpView.swift */,
				848CC575247534050000A1F3 /* TestView.swift */,
				84C574582484FF9A006057C2 /* TextMessage.swift */,
				11FE9111248526FC000C8ED6 /* TextView.swift */,
				84E174D9248414A1007E6A54 /* UpdateEmailPasswordView.swift */,
				848CC570247534050000A1F3 /* WelcomeTextView.swift */,
				848609F424968D3100C72648 /* TextDescription.swift */,
				842640EF249682FA00C464B4 /* HTMLStringView.swift */,
				842640F92497F2D400C464B4 /* BibleBookTableOfContents.swift */,
				8426410324980BBA00C464B4 /* BibleChapterTableOfContents.swift */,
				84EB63FD2498FDF400C79458 /* LoadingView.swift */,
				84BF3CCB249FC9F400C9C1F2 /* BibleBookAndChapterNavigationLink.swift */,
			);
			path = Views;
			sourceTree = "<group>";
		};
		84DCE46B247A7E87005AA691 /* Repository */ = {
			isa = PBXGroup;
			children = (
				84475BD224A215420020187A /* FirestoreBlogPostRepository.swift */,
				84475BD824A215730020187A /* UserProfileRepository.swift */,
				84475BD624A2156B0020187A /* SessionStore.swift */,
				84475BD424A2155D0020187A /* FirestoreUserProfileRepository.swift */,
				84475BD024A2153D0020187A /* BlogPostRepository.swift */,
				84B30870249CC40E008777F2 /* CreateUser.swift */,
				84B3086E249CC409008777F2 /* checkUser.swift */,
			);
			path = Repository;
			sourceTree = "<group>";
		};
/* End PBXGroup section */

/* Begin PBXNativeTarget section */
		84BFF058246C1D760018296F /* Bible Buddy */ = {
			isa = PBXNativeTarget;
			buildConfigurationList = 84BFF06D246C1D770018296F /* Build configuration list for PBXNativeTarget "Bible Buddy" */;
			buildPhases = (
				6A61D0ED6F8A3A4EBDED250E /* [CP] Check Pods Manifest.lock */,
				84BFF055246C1D760018296F /* Sources */,
				84BFF056246C1D760018296F /* Frameworks */,
				84BFF057246C1D760018296F /* Resources */,
				7551B00F9E589A70F6584341 /* [CP] Embed Pods Frameworks */,
			);
			buildRules = (
			);
			dependencies = (
			);
			name = "Bible Buddy";
			packageProductDependencies = (
				843388A2249CC0760029A046 /* SDWebImageSwiftUI */,
				840420D724AB4951007C58FD /* IQKeyboardManagerSwift */,
			);
			productName = "Bible Buddy";
			productReference = 84BFF059246C1D760018296F /* Bible Buddy.app */;
			productType = "com.apple.product-type.application";
		};
/* End PBXNativeTarget section */

/* Begin PBXProject section */
		84BFF051246C1D760018296F /* Project object */ = {
			isa = PBXProject;
			attributes = {
				LastSwiftUpdateCheck = 1140;
				LastUpgradeCheck = 1140;
				ORGANIZATIONNAME = Gruppe03;
				TargetAttributes = {
					84BFF058246C1D760018296F = {
						CreatedOnToolsVersion = 11.4.1;
					};
				};
			};
			buildConfigurationList = 84BFF054246C1D760018296F /* Build configuration list for PBXProject "Bible Buddy" */;
			compatibilityVersion = "Xcode 9.3";
			developmentRegion = en;
			hasScannedForEncodings = 0;
			knownRegions = (
				en,
				Base,
			);
			mainGroup = 84BFF050246C1D760018296F;
			packageReferences = (
				843388A1249CC0760029A046 /* XCRemoteSwiftPackageReference "SDWebImageSwiftUI" */,
				840420D624AB4951007C58FD /* XCRemoteSwiftPackageReference "IQKeyboardManager" */,
			);
			productRefGroup = 84BFF05A246C1D760018296F /* Products */;
			projectDirPath = "";
			projectRoot = "";
			targets = (
				84BFF058246C1D760018296F /* Bible Buddy */,
			);
		};
/* End PBXProject section */

/* Begin PBXResourcesBuildPhase section */
		84BFF057246C1D760018296F /* Resources */ = {
			isa = PBXResourcesBuildPhase;
			buildActionMask = 2147483647;
			files = (
				11B975FD24812A6D00680B54 /* .gitignore in Resources */,
				11B975FE24812A6D00680B54 /* .gitattributes in Resources */,
				84BFF069246C1D770018296F /* LaunchScreen.storyboard in Resources */,
				848CC583247539590000A1F3 /* GoogleService-Info.plist in Resources */,
				84BFF066246C1D770018296F /* Preview Assets.xcassets in Resources */,
				84BFF063246C1D770018296F /* Assets.xcassets in Resources */,
			);
			runOnlyForDeploymentPostprocessing = 0;
		};
/* End PBXResourcesBuildPhase section */

/* Begin PBXShellScriptBuildPhase section */
		6A61D0ED6F8A3A4EBDED250E /* [CP] Check Pods Manifest.lock */ = {
			isa = PBXShellScriptBuildPhase;
			buildActionMask = 2147483647;
			files = (
			);
			inputFileListPaths = (
			);
			inputPaths = (
				"${PODS_PODFILE_DIR_PATH}/Podfile.lock",
				"${PODS_ROOT}/Manifest.lock",
			);
			name = "[CP] Check Pods Manifest.lock";
			outputFileListPaths = (
			);
			outputPaths = (
				"$(DERIVED_FILE_DIR)/Pods-Bible Buddy-checkManifestLockResult.txt",
			);
			runOnlyForDeploymentPostprocessing = 0;
			shellPath = /bin/sh;
			shellScript = "diff \"${PODS_PODFILE_DIR_PATH}/Podfile.lock\" \"${PODS_ROOT}/Manifest.lock\" > /dev/null\nif [ $? != 0 ] ; then\n    # print error to STDERR\n    echo \"error: The sandbox is not in sync with the Podfile.lock. Run 'pod install' or update your CocoaPods installation.\" >&2\n    exit 1\nfi\n# This output is used by Xcode 'outputs' to avoid re-running this script phase.\necho \"SUCCESS\" > \"${SCRIPT_OUTPUT_FILE_0}\"\n";
			showEnvVarsInLog = 0;
		};
		7551B00F9E589A70F6584341 /* [CP] Embed Pods Frameworks */ = {
			isa = PBXShellScriptBuildPhase;
			buildActionMask = 2147483647;
			files = (
			);
			inputFileListPaths = (
				"${PODS_ROOT}/Target Support Files/Pods-Bible Buddy/Pods-Bible Buddy-frameworks-${CONFIGURATION}-input-files.xcfilelist",
			);
			name = "[CP] Embed Pods Frameworks";
			outputFileListPaths = (
				"${PODS_ROOT}/Target Support Files/Pods-Bible Buddy/Pods-Bible Buddy-frameworks-${CONFIGURATION}-output-files.xcfilelist",
			);
			runOnlyForDeploymentPostprocessing = 0;
			shellPath = /bin/sh;
			shellScript = "\"${PODS_ROOT}/Target Support Files/Pods-Bible Buddy/Pods-Bible Buddy-frameworks.sh\"\n";
			showEnvVarsInLog = 0;
		};
/* End PBXShellScriptBuildPhase section */

/* Begin PBXSourcesBuildPhase section */
		84BFF055246C1D760018296F /* Sources */ = {
			isa = PBXSourcesBuildPhase;
			buildActionMask = 2147483647;
			files = (
				848CC57B247534050000A1F3 /* CarouselCard.swift in Sources */,
				8426410424980BBA00C464B4 /* BibleChapterTableOfContents.swift in Sources */,
				84475BD124A2153D0020187A /* BlogPostRepository.swift in Sources */,
				84E174D824841477007E6A54 /* ProfilePageView.swift in Sources */,
				848CC58924754BE00000A1F3 /* SignInUpView.swift in Sources */,
				848CC579247534050000A1F3 /* HomeViewLoggedOut.swift in Sources */,
				84264102249808CC00C464B4 /* ChaptersList.swift in Sources */,
				848CC5912476753F0000A1F3 /* ErrorText.swift in Sources */,
				84C5745D2485008D006057C2 /* ManageUserButton.swift in Sources */,
				84E174DE24841AFB007E6A54 /* ProfileMenuItem.swift in Sources */,
				84BFF075246C1DDE0018296F /* EventsView.swift in Sources */,
				845FDF1224912A8F00A0CF33 /* RemoteImage.swift in Sources */,
				84F387D5248B9C3B00AF85D1 /* SignInUpNavigationLinkIsActive.swift in Sources */,
				84B3086B249CC3E9008777F2 /* CreateAccount.swift in Sources */,
				84B30873249CC41C008777F2 /* EventsApi.swift in Sources */,
				848CC57A247534050000A1F3 /* Carousel.swift in Sources */,
				848CC57F247534050000A1F3 /* SignInUpNavigationLink.swift in Sources */,
				84BFF079246C1E220018296F /* BlogView.swift in Sources */,
				84E174DC248414FC007E6A54 /* ForgotPasswordView.swift in Sources */,
				84C574592484FF9A006057C2 /* TextMessage.swift in Sources */,
				11420BB82492F0B800C74801 /* MyTextFieldStyle.swift in Sources */,
				84E174DA248414A1007E6A54 /* UpdateEmailPasswordView.swift in Sources */,
				848CC57C247534050000A1F3 /* SideMenuView.swift in Sources */,
				84BF3CCA249FA08A00C9C1F2 /* Bible.swift in Sources */,
				84BFF05D246C1D760018296F /* AppDelegate.swift in Sources */,
				84E174E024841DF7007E6A54 /* DeleteProfileView.swift in Sources */,
				848CC578247534050000A1F3 /* WelcomeTextView.swift in Sources */,
				848609F524968D3100C72648 /* TextDescription.swift in Sources */,
				84BF3CCC249FC9F400C9C1F2 /* BibleBookAndChapterNavigationLink.swift in Sources */,
				842640F0249682FA00C464B4 /* HTMLStringView.swift in Sources */,
				84475BD924A215730020187A /* UserProfileRepository.swift in Sources */,
				842F7D87248BAD540070900E /* SideMenuItemIsActive.swift in Sources */,
				84E174E224845523007E6A54 /* EmailField.swift in Sources */,
				84BFF077246C1E020018296F /* BibleChapterContent.swift in Sources */,
				84C5745B24850020006057C2 /* PasswordField.swift in Sources */,
				845FDF0824912A5700A0CF33 /* Events.swift in Sources */,
				848CC57E247534050000A1F3 /* SideMenuItem.swift in Sources */,
				84BFF05F246C1D760018296F /* SceneDelegate.swift in Sources */,
				11FE911A2486A2C5000C8ED6 /* UserProfileVM.swift in Sources */,
				11FE911624868BE0000C8ED6 /* UserProfile.swift in Sources */,
				84EB6400249908A700C79458 /* ChapterContent.swift in Sources */,
				84BF3CD0249FF1BD00C9C1F2 /* ChapterData.swift in Sources */,
				84475BD324A215420020187A /* FirestoreBlogPostRepository.swift in Sources */,
				848CC58924754BE00000A1F3 /* SignInUpView.swift in Sources */,
				11FE910C24814246000C8ED6 /* BlogPostListVM.swift in Sources */,
				11FE910E2481425F000C8ED6 /* BlogPostVM.swift in Sources */,
				848CC579247534050000A1F3 /* HomeViewLoggedOut.swift in Sources */,
				848CC5912476753F0000A1F3 /* ErrorText.swift in Sources */,
				848CC58D2475824C0000A1F3 /* HomeViewLoggedIn.swift in Sources */,
				84BFF075246C1DDE0018296F /* EventsView.swift in Sources */,
				84B30877249CC426008777F2 /* Indicator.swift in Sources */,
				845FDF1424912BE400A0CF33 /* ImageLoader.swift in Sources */,
				84B30875249CC421008777F2 /* ImagePicker.swift in Sources */,
				848CC57A247534050000A1F3 /* Carousel.swift in Sources */,
				845FDF1024912A8700A0CF33 /* MapView.swift in Sources */,
				84B3086F249CC409008777F2 /* checkUser.swift in Sources */,
				842640F82497F28900C464B4 /* Books.swift in Sources */,
				11B975F82480F14F00680B54 /* BlogPostCard.swift in Sources */,
				848CC57F247534050000A1F3 /* SignInUpNavigationLink.swift in Sources */,
				11420BB32492721100C74801 /* ImagePickerViewController.swift in Sources */,
				84BFF079246C1E220018296F /* BlogView.swift in Sources */,
				84EB63FE2498FDF400C79458 /* LoadingView.swift in Sources */,
				848CC57C247534050000A1F3 /* SideMenuView.swift in Sources */,
				11420BBA24930C9500C74801 /* ImageUploadService.swift in Sources */,
				11FE9112248526FC000C8ED6 /* TextView.swift in Sources */,
				11420BB5249274A500C74801 /* ImagePicker1.swift in Sources */,
				84BFF05D246C1D760018296F /* AppDelegate.swift in Sources */,
				84B30871249CC40E008777F2 /* CreateUser.swift in Sources */,
				848CC578247534050000A1F3 /* WelcomeTextView.swift in Sources */,
				84B30867249CC37F008777F2 /* ChatView.swift in Sources */,
				11FE911C248A8172000C8ED6 /* URLImage.swift in Sources */,
				84BFF077246C1E020018296F /* BibleChapterContent.swift in Sources */,
				848CC57E247534050000A1F3 /* SideMenuItem.swift in Sources */,
				84475BD524A2155D0020187A /* FirestoreUserProfileRepository.swift in Sources */,
				11B975FA2480FC5900680B54 /* BlogPostDetailView.swift in Sources */,
				84B3086D249CC403008777F2 /* ChatRepository.swift in Sources */,
				842640FA2497F2D400C464B4 /* BibleBookTableOfContents.swift in Sources */,
				84BFF05F246C1D760018296F /* SceneDelegate.swift in Sources */,
				11B975F42480584700680B54 /* BlogPost.swift in Sources */,
				11FE91102482B009000C8ED6 /* BlogPostEditView.swift in Sources */,
				848CC57D247534050000A1F3 /* TestView.swift in Sources */,
				84475BD724A2156B0020187A /* SessionStore.swift in Sources */,
				84BFF061246C1D760018296F /* ContentView.swift in Sources */,
				845FDF0A24912A6600A0CF33 /* EventsDetail.swift in Sources */,
				845FDF0C24912A6D00A0CF33 /* Landmark.swift in Sources */,
			);
			runOnlyForDeploymentPostprocessing = 0;
		};
/* End PBXSourcesBuildPhase section */

/* Begin PBXVariantGroup section */
		84BFF067246C1D770018296F /* LaunchScreen.storyboard */ = {
			isa = PBXVariantGroup;
			children = (
				84BFF068246C1D770018296F /* Base */,
			);
			name = LaunchScreen.storyboard;
			sourceTree = "<group>";
		};
/* End PBXVariantGroup section */

/* Begin XCBuildConfiguration section */
		84BFF06B246C1D770018296F /* Debug */ = {
			isa = XCBuildConfiguration;
			buildSettings = {
				ALWAYS_SEARCH_USER_PATHS = NO;
				CLANG_ANALYZER_NONNULL = YES;
				CLANG_ANALYZER_NUMBER_OBJECT_CONVERSION = YES_AGGRESSIVE;
				CLANG_CXX_LANGUAGE_STANDARD = "gnu++14";
				CLANG_CXX_LIBRARY = "libc++";
				CLANG_ENABLE_MODULES = YES;
				CLANG_ENABLE_OBJC_ARC = YES;
				CLANG_ENABLE_OBJC_WEAK = YES;
				CLANG_WARN_BLOCK_CAPTURE_AUTORELEASING = YES;
				CLANG_WARN_BOOL_CONVERSION = YES;
				CLANG_WARN_COMMA = YES;
				CLANG_WARN_CONSTANT_CONVERSION = YES;
				CLANG_WARN_DEPRECATED_OBJC_IMPLEMENTATIONS = YES;
				CLANG_WARN_DIRECT_OBJC_ISA_USAGE = YES_ERROR;
				CLANG_WARN_DOCUMENTATION_COMMENTS = YES;
				CLANG_WARN_EMPTY_BODY = YES;
				CLANG_WARN_ENUM_CONVERSION = YES;
				CLANG_WARN_INFINITE_RECURSION = YES;
				CLANG_WARN_INT_CONVERSION = YES;
				CLANG_WARN_NON_LITERAL_NULL_CONVERSION = YES;
				CLANG_WARN_OBJC_IMPLICIT_RETAIN_SELF = YES;
				CLANG_WARN_OBJC_LITERAL_CONVERSION = YES;
				CLANG_WARN_OBJC_ROOT_CLASS = YES_ERROR;
				CLANG_WARN_RANGE_LOOP_ANALYSIS = YES;
				CLANG_WARN_STRICT_PROTOTYPES = YES;
				CLANG_WARN_SUSPICIOUS_MOVE = YES;
				CLANG_WARN_UNGUARDED_AVAILABILITY = YES_AGGRESSIVE;
				CLANG_WARN_UNREACHABLE_CODE = YES;
				CLANG_WARN__DUPLICATE_METHOD_MATCH = YES;
				COPY_PHASE_STRIP = NO;
				DEBUG_INFORMATION_FORMAT = dwarf;
				ENABLE_STRICT_OBJC_MSGSEND = YES;
				ENABLE_TESTABILITY = YES;
				GCC_C_LANGUAGE_STANDARD = gnu11;
				GCC_DYNAMIC_NO_PIC = NO;
				GCC_NO_COMMON_BLOCKS = YES;
				GCC_OPTIMIZATION_LEVEL = 0;
				GCC_PREPROCESSOR_DEFINITIONS = (
					"DEBUG=1",
					"$(inherited)",
				);
				GCC_WARN_64_TO_32_BIT_CONVERSION = YES;
				GCC_WARN_ABOUT_RETURN_TYPE = YES_ERROR;
				GCC_WARN_UNDECLARED_SELECTOR = YES;
				GCC_WARN_UNINITIALIZED_AUTOS = YES_AGGRESSIVE;
				GCC_WARN_UNUSED_FUNCTION = YES;
				GCC_WARN_UNUSED_VARIABLE = YES;
				IPHONEOS_DEPLOYMENT_TARGET = 13.4;
				MTL_ENABLE_DEBUG_INFO = INCLUDE_SOURCE;
				MTL_FAST_MATH = YES;
				ONLY_ACTIVE_ARCH = YES;
				SDKROOT = iphoneos;
				SWIFT_ACTIVE_COMPILATION_CONDITIONS = DEBUG;
				SWIFT_OPTIMIZATION_LEVEL = "-Onone";
			};
			name = Debug;
		};
		84BFF06C246C1D770018296F /* Release */ = {
			isa = XCBuildConfiguration;
			buildSettings = {
				ALWAYS_SEARCH_USER_PATHS = NO;
				CLANG_ANALYZER_NONNULL = YES;
				CLANG_ANALYZER_NUMBER_OBJECT_CONVERSION = YES_AGGRESSIVE;
				CLANG_CXX_LANGUAGE_STANDARD = "gnu++14";
				CLANG_CXX_LIBRARY = "libc++";
				CLANG_ENABLE_MODULES = YES;
				CLANG_ENABLE_OBJC_ARC = YES;
				CLANG_ENABLE_OBJC_WEAK = YES;
				CLANG_WARN_BLOCK_CAPTURE_AUTORELEASING = YES;
				CLANG_WARN_BOOL_CONVERSION = YES;
				CLANG_WARN_COMMA = YES;
				CLANG_WARN_CONSTANT_CONVERSION = YES;
				CLANG_WARN_DEPRECATED_OBJC_IMPLEMENTATIONS = YES;
				CLANG_WARN_DIRECT_OBJC_ISA_USAGE = YES_ERROR;
				CLANG_WARN_DOCUMENTATION_COMMENTS = YES;
				CLANG_WARN_EMPTY_BODY = YES;
				CLANG_WARN_ENUM_CONVERSION = YES;
				CLANG_WARN_INFINITE_RECURSION = YES;
				CLANG_WARN_INT_CONVERSION = YES;
				CLANG_WARN_NON_LITERAL_NULL_CONVERSION = YES;
				CLANG_WARN_OBJC_IMPLICIT_RETAIN_SELF = YES;
				CLANG_WARN_OBJC_LITERAL_CONVERSION = YES;
				CLANG_WARN_OBJC_ROOT_CLASS = YES_ERROR;
				CLANG_WARN_RANGE_LOOP_ANALYSIS = YES;
				CLANG_WARN_STRICT_PROTOTYPES = YES;
				CLANG_WARN_SUSPICIOUS_MOVE = YES;
				CLANG_WARN_UNGUARDED_AVAILABILITY = YES_AGGRESSIVE;
				CLANG_WARN_UNREACHABLE_CODE = YES;
				CLANG_WARN__DUPLICATE_METHOD_MATCH = YES;
				COPY_PHASE_STRIP = NO;
				DEBUG_INFORMATION_FORMAT = "dwarf-with-dsym";
				ENABLE_NS_ASSERTIONS = NO;
				ENABLE_STRICT_OBJC_MSGSEND = YES;
				GCC_C_LANGUAGE_STANDARD = gnu11;
				GCC_NO_COMMON_BLOCKS = YES;
				GCC_WARN_64_TO_32_BIT_CONVERSION = YES;
				GCC_WARN_ABOUT_RETURN_TYPE = YES_ERROR;
				GCC_WARN_UNDECLARED_SELECTOR = YES;
				GCC_WARN_UNINITIALIZED_AUTOS = YES_AGGRESSIVE;
				GCC_WARN_UNUSED_FUNCTION = YES;
				GCC_WARN_UNUSED_VARIABLE = YES;
				IPHONEOS_DEPLOYMENT_TARGET = 13.4;
				MTL_ENABLE_DEBUG_INFO = NO;
				MTL_FAST_MATH = YES;
				SDKROOT = iphoneos;
				SWIFT_COMPILATION_MODE = wholemodule;
				SWIFT_OPTIMIZATION_LEVEL = "-O";
				VALIDATE_PRODUCT = YES;
			};
			name = Release;
		};
		84BFF06E246C1D770018296F /* Debug */ = {
			isa = XCBuildConfiguration;
			baseConfigurationReference = F045A889704DBB1F54D8EAD6 /* Pods-Bible Buddy.debug.xcconfig */;
			buildSettings = {
				ASSETCATALOG_COMPILER_APPICON_NAME = AppIcon;
				CODE_SIGN_STYLE = Automatic;
				DEVELOPMENT_ASSET_PATHS = "\"Bible Buddy/Preview Content\"";
				DEVELOPMENT_TEAM = MXGR5AABXL;
				ENABLE_PREVIEWS = YES;
				INFOPLIST_FILE = "Bible Buddy/Info.plist";
				LD_RUNPATH_SEARCH_PATHS = (
					"$(inherited)",
					"@executable_path/Frameworks",
				);
				PRODUCT_BUNDLE_IDENTIFIER = "PIOSE-Gruppe03.Bible-Buddy";
				PRODUCT_NAME = "$(TARGET_NAME)";
				SWIFT_VERSION = 5.0;
				TARGETED_DEVICE_FAMILY = "1,2";
			};
			name = Debug;
		};
		84BFF06F246C1D770018296F /* Release */ = {
			isa = XCBuildConfiguration;
			baseConfigurationReference = 7B1D545D5132C8DC09B714C3 /* Pods-Bible Buddy.release.xcconfig */;
			buildSettings = {
				ASSETCATALOG_COMPILER_APPICON_NAME = AppIcon;
				CODE_SIGN_STYLE = Automatic;
				DEVELOPMENT_ASSET_PATHS = "\"Bible Buddy/Preview Content\"";
				DEVELOPMENT_TEAM = MXGR5AABXL;
				ENABLE_PREVIEWS = YES;
				INFOPLIST_FILE = "Bible Buddy/Info.plist";
				LD_RUNPATH_SEARCH_PATHS = (
					"$(inherited)",
					"@executable_path/Frameworks",
				);
				PRODUCT_BUNDLE_IDENTIFIER = "PIOSE-Gruppe03.Bible-Buddy";
				PRODUCT_NAME = "$(TARGET_NAME)";
				SWIFT_VERSION = 5.0;
				TARGETED_DEVICE_FAMILY = "1,2";
			};
			name = Release;
		};
/* End XCBuildConfiguration section */

/* Begin XCConfigurationList section */
		84BFF054246C1D760018296F /* Build configuration list for PBXProject "Bible Buddy" */ = {
			isa = XCConfigurationList;
			buildConfigurations = (
				84BFF06B246C1D770018296F /* Debug */,
				84BFF06C246C1D770018296F /* Release */,
			);
			defaultConfigurationIsVisible = 0;
			defaultConfigurationName = Release;
		};
		84BFF06D246C1D770018296F /* Build configuration list for PBXNativeTarget "Bible Buddy" */ = {
			isa = XCConfigurationList;
			buildConfigurations = (
				84BFF06E246C1D770018296F /* Debug */,
				84BFF06F246C1D770018296F /* Release */,
			);
			defaultConfigurationIsVisible = 0;
			defaultConfigurationName = Release;
		};
/* End XCConfigurationList section */

/* Begin XCRemoteSwiftPackageReference section */
		840420D624AB4951007C58FD /* XCRemoteSwiftPackageReference "IQKeyboardManager" */ = {
			isa = XCRemoteSwiftPackageReference;
			repositoryURL = "https://github.com/hackiftekhar/IQKeyboardManager";
			requirement = {
				kind = upToNextMajorVersion;
				minimumVersion = 6.5.5;
			};
		};
		843388A1249CC0760029A046 /* XCRemoteSwiftPackageReference "SDWebImageSwiftUI" */ = {
			isa = XCRemoteSwiftPackageReference;
			repositoryURL = "https://github.com/SDWebImage/SDWebImageSwiftUI.git";
			requirement = {
				kind = upToNextMajorVersion;
				minimumVersion = 1.5.0;
			};
		};
/* End XCRemoteSwiftPackageReference section */

/* Begin XCSwiftPackageProductDependency section */
		840420D724AB4951007C58FD /* IQKeyboardManagerSwift */ = {
			isa = XCSwiftPackageProductDependency;
			package = 840420D624AB4951007C58FD /* XCRemoteSwiftPackageReference "IQKeyboardManager" */;
			productName = IQKeyboardManagerSwift;
		};
		843388A2249CC0760029A046 /* SDWebImageSwiftUI */ = {
			isa = XCSwiftPackageProductDependency;
			package = 843388A1249CC0760029A046 /* XCRemoteSwiftPackageReference "SDWebImageSwiftUI" */;
			productName = SDWebImageSwiftUI;
		};
/* End XCSwiftPackageProductDependency section */
	};
	rootObject = 84BFF051246C1D760018296F /* Project object */;
}
