// !$*UTF8*$!
{
	archiveVersion = 1;
	classes = {
	};
	objectVersion = 51;
	objects = {

/* Begin PBXBuildFile section */
		11B975F2248056EA00680B54 /* BlogPostRepository.swift in Sources */ = {isa = PBXBuildFile; fileRef = 11B975F1248056EA00680B54 /* BlogPostRepository.swift */; };
		11B975F42480584700680B54 /* BlogPost.swift in Sources */ = {isa = PBXBuildFile; fileRef = 11B975F32480584700680B54 /* BlogPost.swift */; };
		11B975F62480625700680B54 /* FirestoreBlogPostRepository.swift in Sources */ = {isa = PBXBuildFile; fileRef = 11B975F52480625700680B54 /* FirestoreBlogPostRepository.swift */; };
		11B975F82480F14F00680B54 /* BlogPostCard.swift in Sources */ = {isa = PBXBuildFile; fileRef = 11B975F72480F14F00680B54 /* BlogPostCard.swift */; };
		11B975FA2480FC5900680B54 /* BlogPostDetailView.swift in Sources */ = {isa = PBXBuildFile; fileRef = 11B975F92480FC5900680B54 /* BlogPostDetailView.swift */; };
		11B975FD24812A6D00680B54 /* .gitignore in Resources */ = {isa = PBXBuildFile; fileRef = 11B975FB24812A6C00680B54 /* .gitignore */; };
		11B975FE24812A6D00680B54 /* .gitattributes in Resources */ = {isa = PBXBuildFile; fileRef = 11B975FC24812A6D00680B54 /* .gitattributes */; };
		699C3A41EF8D0B164F5682A5 /* Pods_Bible_Buddy.framework in Frameworks */ = {isa = PBXBuildFile; fileRef = 06BC8381737CE83260EC93FC /* Pods_Bible_Buddy.framework */; };
		848CC578247534050000A1F3 /* WelcomeTextView.swift in Sources */ = {isa = PBXBuildFile; fileRef = 848CC570247534050000A1F3 /* WelcomeTextView.swift */; };
		848CC579247534050000A1F3 /* HomeViewLoggedOut.swift in Sources */ = {isa = PBXBuildFile; fileRef = 848CC571247534050000A1F3 /* HomeViewLoggedOut.swift */; };
		848CC57A247534050000A1F3 /* Carousel.swift in Sources */ = {isa = PBXBuildFile; fileRef = 848CC572247534050000A1F3 /* Carousel.swift */; };
		848CC57B247534050000A1F3 /* CarouselCard.swift in Sources */ = {isa = PBXBuildFile; fileRef = 848CC573247534050000A1F3 /* CarouselCard.swift */; };
		848CC57C247534050000A1F3 /* SideMenuView.swift in Sources */ = {isa = PBXBuildFile; fileRef = 848CC574247534050000A1F3 /* SideMenuView.swift */; };
		848CC57D247534050000A1F3 /* TestView.swift in Sources */ = {isa = PBXBuildFile; fileRef = 848CC575247534050000A1F3 /* TestView.swift */; };
		848CC57E247534050000A1F3 /* SideMenuItem.swift in Sources */ = {isa = PBXBuildFile; fileRef = 848CC576247534050000A1F3 /* SideMenuItem.swift */; };
		848CC57F247534050000A1F3 /* SignInUpNavigationLink.swift in Sources */ = {isa = PBXBuildFile; fileRef = 848CC577247534050000A1F3 /* SignInUpNavigationLink.swift */; };
		848CC583247539590000A1F3 /* GoogleService-Info.plist in Resources */ = {isa = PBXBuildFile; fileRef = 848CC582247539590000A1F3 /* GoogleService-Info.plist */; };
		848CC58924754BE00000A1F3 /* SignInUpView.swift in Sources */ = {isa = PBXBuildFile; fileRef = 848CC58824754BE00000A1F3 /* SignInUpView.swift */; };
		848CC58D2475824C0000A1F3 /* HomeViewLoggedIn.swift in Sources */ = {isa = PBXBuildFile; fileRef = 848CC58C2475824C0000A1F3 /* HomeViewLoggedIn.swift */; };
		848CC5912476753F0000A1F3 /* ErrorText.swift in Sources */ = {isa = PBXBuildFile; fileRef = 848CC5902476753F0000A1F3 /* ErrorText.swift */; };
		84BFF05D246C1D760018296F /* AppDelegate.swift in Sources */ = {isa = PBXBuildFile; fileRef = 84BFF05C246C1D760018296F /* AppDelegate.swift */; };
		84BFF05F246C1D760018296F /* SceneDelegate.swift in Sources */ = {isa = PBXBuildFile; fileRef = 84BFF05E246C1D760018296F /* SceneDelegate.swift */; };
		84BFF061246C1D760018296F /* ContentView.swift in Sources */ = {isa = PBXBuildFile; fileRef = 84BFF060246C1D760018296F /* ContentView.swift */; };
		84BFF063246C1D770018296F /* Assets.xcassets in Resources */ = {isa = PBXBuildFile; fileRef = 84BFF062246C1D770018296F /* Assets.xcassets */; };
		84BFF066246C1D770018296F /* Preview Assets.xcassets in Resources */ = {isa = PBXBuildFile; fileRef = 84BFF065246C1D770018296F /* Preview Assets.xcassets */; };
		84BFF069246C1D770018296F /* LaunchScreen.storyboard in Resources */ = {isa = PBXBuildFile; fileRef = 84BFF067246C1D770018296F /* LaunchScreen.storyboard */; };
		84BFF073246C1DB90018296F /* MainNavi.swift in Sources */ = {isa = PBXBuildFile; fileRef = 84BFF072246C1DB90018296F /* MainNavi.swift */; };
		84BFF075246C1DDE0018296F /* EventsView.swift in Sources */ = {isa = PBXBuildFile; fileRef = 84BFF074246C1DDE0018296F /* EventsView.swift */; };
		84BFF077246C1E020018296F /* BibleView.swift in Sources */ = {isa = PBXBuildFile; fileRef = 84BFF076246C1E020018296F /* BibleView.swift */; };
		84BFF079246C1E220018296F /* BlogView.swift in Sources */ = {isa = PBXBuildFile; fileRef = 84BFF078246C1E220018296F /* BlogView.swift */; };
		84DCE46A247A7CCE005AA691 /* SessionStore.swift in Sources */ = {isa = PBXBuildFile; fileRef = 84DCE469247A7CCE005AA691 /* SessionStore.swift */; };
/* End PBXBuildFile section */

/* Begin PBXFileReference section */
		06BC8381737CE83260EC93FC /* Pods_Bible_Buddy.framework */ = {isa = PBXFileReference; explicitFileType = wrapper.framework; includeInIndex = 0; path = Pods_Bible_Buddy.framework; sourceTree = BUILT_PRODUCTS_DIR; };
		11B975F1248056EA00680B54 /* BlogPostRepository.swift */ = {isa = PBXFileReference; lastKnownFileType = sourcecode.swift; path = BlogPostRepository.swift; sourceTree = "<group>"; };
		11B975F32480584700680B54 /* BlogPost.swift */ = {isa = PBXFileReference; lastKnownFileType = sourcecode.swift; path = BlogPost.swift; sourceTree = "<group>"; };
		11B975F52480625700680B54 /* FirestoreBlogPostRepository.swift */ = {isa = PBXFileReference; lastKnownFileType = sourcecode.swift; path = FirestoreBlogPostRepository.swift; sourceTree = "<group>"; };
		11B975F72480F14F00680B54 /* BlogPostCard.swift */ = {isa = PBXFileReference; lastKnownFileType = sourcecode.swift; path = BlogPostCard.swift; sourceTree = "<group>"; };
		11B975F92480FC5900680B54 /* BlogPostDetailView.swift */ = {isa = PBXFileReference; lastKnownFileType = sourcecode.swift; path = BlogPostDetailView.swift; sourceTree = "<group>"; };
		11B975FB24812A6C00680B54 /* .gitignore */ = {isa = PBXFileReference; fileEncoding = 4; lastKnownFileType = text; path = .gitignore; sourceTree = "<group>"; };
		11B975FC24812A6D00680B54 /* .gitattributes */ = {isa = PBXFileReference; fileEncoding = 4; lastKnownFileType = text; path = .gitattributes; sourceTree = "<group>"; };
		848CC570247534050000A1F3 /* WelcomeTextView.swift */ = {isa = PBXFileReference; fileEncoding = 4; lastKnownFileType = sourcecode.swift; path = WelcomeTextView.swift; sourceTree = "<group>"; };
		848CC571247534050000A1F3 /* HomeViewLoggedOut.swift */ = {isa = PBXFileReference; fileEncoding = 4; lastKnownFileType = sourcecode.swift; path = HomeViewLoggedOut.swift; sourceTree = "<group>"; };
		848CC572247534050000A1F3 /* Carousel.swift */ = {isa = PBXFileReference; fileEncoding = 4; lastKnownFileType = sourcecode.swift; path = Carousel.swift; sourceTree = "<group>"; };
		848CC573247534050000A1F3 /* CarouselCard.swift */ = {isa = PBXFileReference; fileEncoding = 4; lastKnownFileType = sourcecode.swift; path = CarouselCard.swift; sourceTree = "<group>"; };
		848CC574247534050000A1F3 /* SideMenuView.swift */ = {isa = PBXFileReference; fileEncoding = 4; lastKnownFileType = sourcecode.swift; path = SideMenuView.swift; sourceTree = "<group>"; };
		848CC575247534050000A1F3 /* TestView.swift */ = {isa = PBXFileReference; fileEncoding = 4; lastKnownFileType = sourcecode.swift; path = TestView.swift; sourceTree = "<group>"; };
		848CC576247534050000A1F3 /* SideMenuItem.swift */ = {isa = PBXFileReference; fileEncoding = 4; lastKnownFileType = sourcecode.swift; path = SideMenuItem.swift; sourceTree = "<group>"; };
		848CC577247534050000A1F3 /* SignInUpNavigationLink.swift */ = {isa = PBXFileReference; fileEncoding = 4; lastKnownFileType = sourcecode.swift; path = SignInUpNavigationLink.swift; sourceTree = "<group>"; };
		848CC582247539590000A1F3 /* GoogleService-Info.plist */ = {isa = PBXFileReference; fileEncoding = 4; lastKnownFileType = text.plist.xml; path = "GoogleService-Info.plist"; sourceTree = "<group>"; };
		848CC58824754BE00000A1F3 /* SignInUpView.swift */ = {isa = PBXFileReference; lastKnownFileType = sourcecode.swift; path = SignInUpView.swift; sourceTree = "<group>"; };
		848CC58C2475824C0000A1F3 /* HomeViewLoggedIn.swift */ = {isa = PBXFileReference; lastKnownFileType = sourcecode.swift; path = HomeViewLoggedIn.swift; sourceTree = "<group>"; };
		848CC5902476753F0000A1F3 /* ErrorText.swift */ = {isa = PBXFileReference; lastKnownFileType = sourcecode.swift; path = ErrorText.swift; sourceTree = "<group>"; };
		84BFF059246C1D760018296F /* Bible Buddy.app */ = {isa = PBXFileReference; explicitFileType = wrapper.application; includeInIndex = 0; path = "Bible Buddy.app"; sourceTree = BUILT_PRODUCTS_DIR; };
		84BFF05C246C1D760018296F /* AppDelegate.swift */ = {isa = PBXFileReference; lastKnownFileType = sourcecode.swift; path = AppDelegate.swift; sourceTree = "<group>"; };
		84BFF05E246C1D760018296F /* SceneDelegate.swift */ = {isa = PBXFileReference; lastKnownFileType = sourcecode.swift; path = SceneDelegate.swift; sourceTree = "<group>"; };
		84BFF060246C1D760018296F /* ContentView.swift */ = {isa = PBXFileReference; lastKnownFileType = sourcecode.swift; path = ContentView.swift; sourceTree = "<group>"; };
		84BFF062246C1D770018296F /* Assets.xcassets */ = {isa = PBXFileReference; lastKnownFileType = folder.assetcatalog; path = Assets.xcassets; sourceTree = "<group>"; };
		84BFF065246C1D770018296F /* Preview Assets.xcassets */ = {isa = PBXFileReference; lastKnownFileType = folder.assetcatalog; path = "Preview Assets.xcassets"; sourceTree = "<group>"; };
		84BFF068246C1D770018296F /* Base */ = {isa = PBXFileReference; lastKnownFileType = file.storyboard; name = Base; path = Base.lproj/LaunchScreen.storyboard; sourceTree = "<group>"; };
		84BFF06A246C1D770018296F /* Info.plist */ = {isa = PBXFileReference; lastKnownFileType = text.plist.xml; path = Info.plist; sourceTree = "<group>"; };
		84BFF072246C1DB90018296F /* MainNavi.swift */ = {isa = PBXFileReference; lastKnownFileType = sourcecode.swift; path = MainNavi.swift; sourceTree = "<group>"; };
		84BFF074246C1DDE0018296F /* EventsView.swift */ = {isa = PBXFileReference; lastKnownFileType = sourcecode.swift; path = EventsView.swift; sourceTree = "<group>"; };
		84BFF076246C1E020018296F /* BibleView.swift */ = {isa = PBXFileReference; lastKnownFileType = sourcecode.swift; path = BibleView.swift; sourceTree = "<group>"; };
		84BFF078246C1E220018296F /* BlogView.swift */ = {isa = PBXFileReference; lastKnownFileType = sourcecode.swift; path = BlogView.swift; sourceTree = "<group>"; };
		84DCE469247A7CCE005AA691 /* SessionStore.swift */ = {isa = PBXFileReference; lastKnownFileType = sourcecode.swift; path = SessionStore.swift; sourceTree = "<group>"; };
		A89BFC6D0D44DE9A1378E886 /* Pods-Bible Buddy.debug.xcconfig */ = {isa = PBXFileReference; includeInIndex = 1; lastKnownFileType = text.xcconfig; name = "Pods-Bible Buddy.debug.xcconfig"; path = "Target Support Files/Pods-Bible Buddy/Pods-Bible Buddy.debug.xcconfig"; sourceTree = "<group>"; };
		D102427F36231BC1D05F3489 /* Pods-Bible Buddy.release.xcconfig */ = {isa = PBXFileReference; includeInIndex = 1; lastKnownFileType = text.xcconfig; name = "Pods-Bible Buddy.release.xcconfig"; path = "Target Support Files/Pods-Bible Buddy/Pods-Bible Buddy.release.xcconfig"; sourceTree = "<group>"; };
/* End PBXFileReference section */

/* Begin PBXFrameworksBuildPhase section */
		84BFF056246C1D760018296F /* Frameworks */ = {
			isa = PBXFrameworksBuildPhase;
			buildActionMask = 2147483647;
			files = (
				699C3A41EF8D0B164F5682A5 /* Pods_Bible_Buddy.framework in Frameworks */,
			);
			runOnlyForDeploymentPostprocessing = 0;
		};
/* End PBXFrameworksBuildPhase section */

/* Begin PBXGroup section */
		14F7261D3AF6BF5BCCFFB449 /* Frameworks */ = {
			isa = PBXGroup;
			children = (
				06BC8381737CE83260EC93FC /* Pods_Bible_Buddy.framework */,
			);
			name = Frameworks;
			sourceTree = "<group>";
		};
		7261FE6EE7A164B5328CFB1D /* Pods */ = {
			isa = PBXGroup;
			children = (
				A89BFC6D0D44DE9A1378E886 /* Pods-Bible Buddy.debug.xcconfig */,
				D102427F36231BC1D05F3489 /* Pods-Bible Buddy.release.xcconfig */,
			);
			path = Pods;
			sourceTree = "<group>";
		};
		84BFF050246C1D760018296F = {
			isa = PBXGroup;
			children = (
				11B975FC24812A6D00680B54 /* .gitattributes */,
				11B975FB24812A6C00680B54 /* .gitignore */,
				84BFF05B246C1D760018296F /* Bible Buddy */,
				84BFF05A246C1D760018296F /* Products */,
				7261FE6EE7A164B5328CFB1D /* Pods */,
				14F7261D3AF6BF5BCCFFB449 /* Frameworks */,
			);
			sourceTree = "<group>";
		};
		84BFF05A246C1D760018296F /* Products */ = {
			isa = PBXGroup;
			children = (
				84BFF059246C1D760018296F /* Bible Buddy.app */,
			);
			name = Products;
			sourceTree = "<group>";
		};
		84BFF05B246C1D760018296F /* Bible Buddy */ = {
			isa = PBXGroup;
			children = (
				84DCE46B247A7E87005AA691 /* ViewController */,
				84BFF070246C1D8D0018296F /* Model */,
				84BFF05C246C1D760018296F /* AppDelegate.swift */,
				84BFF05E246C1D760018296F /* SceneDelegate.swift */,
				84BFF071246C1D9F0018296F /* Views */,
				84BFF062246C1D770018296F /* Assets.xcassets */,
				84BFF067246C1D770018296F /* LaunchScreen.storyboard */,
				848CC582247539590000A1F3 /* GoogleService-Info.plist */,
				84BFF06A246C1D770018296F /* Info.plist */,
				84BFF064246C1D770018296F /* Preview Content */,
			);
			path = "Bible Buddy";
			sourceTree = "<group>";
		};
		84BFF064246C1D770018296F /* Preview Content */ = {
			isa = PBXGroup;
			children = (
				84BFF065246C1D770018296F /* Preview Assets.xcassets */,
			);
			path = "Preview Content";
			sourceTree = "<group>";
		};
		84BFF070246C1D8D0018296F /* Model */ = {
			isa = PBXGroup;
			children = (
				11B975F32480584700680B54 /* BlogPost.swift */,
				84BFF072246C1DB90018296F /* MainNavi.swift */,
				84DCE469247A7CCE005AA691 /* SessionStore.swift */,
				11B975F1248056EA00680B54 /* BlogPostRepository.swift */,
				11B975F52480625700680B54 /* FirestoreBlogPostRepository.swift */,
			);
			path = Model;
			sourceTree = "<group>";
		};
		84BFF071246C1D9F0018296F /* Views */ = {
			isa = PBXGroup;
			children = (
				848CC572247534050000A1F3 /* Carousel.swift */,
				848CC573247534050000A1F3 /* CarouselCard.swift */,
				848CC571247534050000A1F3 /* HomeViewLoggedOut.swift */,
				848CC577247534050000A1F3 /* SignInUpNavigationLink.swift */,
				848CC576247534050000A1F3 /* SideMenuItem.swift */,
				848CC574247534050000A1F3 /* SideMenuView.swift */,
				848CC575247534050000A1F3 /* TestView.swift */,
				848CC570247534050000A1F3 /* WelcomeTextView.swift */,
				84BFF060246C1D760018296F /* ContentView.swift */,
				84BFF074246C1DDE0018296F /* EventsView.swift */,
				84BFF076246C1E020018296F /* BibleView.swift */,
				84BFF078246C1E220018296F /* BlogView.swift */,
				848CC58824754BE00000A1F3 /* SignInUpView.swift */,
				848CC58C2475824C0000A1F3 /* HomeViewLoggedIn.swift */,
				848CC5902476753F0000A1F3 /* ErrorText.swift */,
				11B975F72480F14F00680B54 /* BlogPostCard.swift */,
				11B975F92480FC5900680B54 /* BlogPostDetailView.swift */,
			);
			path = Views;
			sourceTree = "<group>";
		};
		84DCE46B247A7E87005AA691 /* ViewController */ = {
			isa = PBXGroup;
			children = (
			);
			path = ViewController;
			sourceTree = "<group>";
		};
/* End PBXGroup section */

/* Begin PBXNativeTarget section */
		84BFF058246C1D760018296F /* Bible Buddy */ = {
			isa = PBXNativeTarget;
			buildConfigurationList = 84BFF06D246C1D770018296F /* Build configuration list for PBXNativeTarget "Bible Buddy" */;
			buildPhases = (
				6D97DE361D428C38C37D3344 /* [CP] Check Pods Manifest.lock */,
				84BFF055246C1D760018296F /* Sources */,
				84BFF056246C1D760018296F /* Frameworks */,
				84BFF057246C1D760018296F /* Resources */,
				EF61379C5BA45688736E26B1 /* [CP] Embed Pods Frameworks */,
			);
			buildRules = (
			);
			dependencies = (
			);
			name = "Bible Buddy";
			productName = "Bible Buddy";
			productReference = 84BFF059246C1D760018296F /* Bible Buddy.app */;
			productType = "com.apple.product-type.application";
		};
/* End PBXNativeTarget section */

/* Begin PBXProject section */
		84BFF051246C1D760018296F /* Project object */ = {
			isa = PBXProject;
			attributes = {
				LastSwiftUpdateCheck = 1140;
				LastUpgradeCheck = 1140;
				ORGANIZATIONNAME = Gruppe03;
				TargetAttributes = {
					84BFF058246C1D760018296F = {
						CreatedOnToolsVersion = 11.4.1;
					};
				};
			};
			buildConfigurationList = 84BFF054246C1D760018296F /* Build configuration list for PBXProject "Bible Buddy" */;
			compatibilityVersion = "Xcode 9.3";
			developmentRegion = en;
			hasScannedForEncodings = 0;
			knownRegions = (
				en,
				Base,
			);
			mainGroup = 84BFF050246C1D760018296F;
			productRefGroup = 84BFF05A246C1D760018296F /* Products */;
			projectDirPath = "";
			projectRoot = "";
			targets = (
				84BFF058246C1D760018296F /* Bible Buddy */,
			);
		};
/* End PBXProject section */

/* Begin PBXResourcesBuildPhase section */
		84BFF057246C1D760018296F /* Resources */ = {
			isa = PBXResourcesBuildPhase;
			buildActionMask = 2147483647;
			files = (
				11B975FD24812A6D00680B54 /* .gitignore in Resources */,
				11B975FE24812A6D00680B54 /* .gitattributes in Resources */,
				84BFF069246C1D770018296F /* LaunchScreen.storyboard in Resources */,
				848CC583247539590000A1F3 /* GoogleService-Info.plist in Resources */,
				84BFF066246C1D770018296F /* Preview Assets.xcassets in Resources */,
				84BFF063246C1D770018296F /* Assets.xcassets in Resources */,
			);
			runOnlyForDeploymentPostprocessing = 0;
		};
/* End PBXResourcesBuildPhase section */

/* Begin PBXShellScriptBuildPhase section */
		6D97DE361D428C38C37D3344 /* [CP] Check Pods Manifest.lock */ = {
			isa = PBXShellScriptBuildPhase;
			buildActionMask = 2147483647;
			files = (
			);
			inputFileListPaths = (
			);
			inputPaths = (
				"${PODS_PODFILE_DIR_PATH}/Podfile.lock",
				"${PODS_ROOT}/Manifest.lock",
			);
			name = "[CP] Check Pods Manifest.lock";
			outputFileListPaths = (
			);
			outputPaths = (
				"$(DERIVED_FILE_DIR)/Pods-Bible Buddy-checkManifestLockResult.txt",
			);
			runOnlyForDeploymentPostprocessing = 0;
			shellPath = /bin/sh;
			shellScript = "diff \"${PODS_PODFILE_DIR_PATH}/Podfile.lock\" \"${PODS_ROOT}/Manifest.lock\" > /dev/null\nif [ $? != 0 ] ; then\n    # print error to STDERR\n    echo \"error: The sandbox is not in sync with the Podfile.lock. Run 'pod install' or update your CocoaPods installation.\" >&2\n    exit 1\nfi\n# This output is used by Xcode 'outputs' to avoid re-running this script phase.\necho \"SUCCESS\" > \"${SCRIPT_OUTPUT_FILE_0}\"\n";
			showEnvVarsInLog = 0;
		};
		EF61379C5BA45688736E26B1 /* [CP] Embed Pods Frameworks */ = {
			isa = PBXShellScriptBuildPhase;
			buildActionMask = 2147483647;
			files = (
			);
			inputFileListPaths = (
				"${PODS_ROOT}/Target Support Files/Pods-Bible Buddy/Pods-Bible Buddy-frameworks-${CONFIGURATION}-input-files.xcfilelist",
			);
			name = "[CP] Embed Pods Frameworks";
			outputFileListPaths = (
				"${PODS_ROOT}/Target Support Files/Pods-Bible Buddy/Pods-Bible Buddy-frameworks-${CONFIGURATION}-output-files.xcfilelist",
			);
			runOnlyForDeploymentPostprocessing = 0;
			shellPath = /bin/sh;
			shellScript = "\"${PODS_ROOT}/Target Support Files/Pods-Bible Buddy/Pods-Bible Buddy-frameworks.sh\"\n";
			showEnvVarsInLog = 0;
		};
/* End PBXShellScriptBuildPhase section */

/* Begin PBXSourcesBuildPhase section */
		84BFF055246C1D760018296F /* Sources */ = {
			isa = PBXSourcesBuildPhase;
			buildActionMask = 2147483647;
			files = (
				848CC57B247534050000A1F3 /* CarouselCard.swift in Sources */,
				11B975F2248056EA00680B54 /* BlogPostRepository.swift in Sources */,
				848CC58924754BE00000A1F3 /* SignInUpView.swift in Sources */,
				848CC579247534050000A1F3 /* HomeViewLoggedOut.swift in Sources */,
				848CC5912476753F0000A1F3 /* ErrorText.swift in Sources */,
				848CC58D2475824C0000A1F3 /* HomeViewLoggedIn.swift in Sources */,
				84BFF073246C1DB90018296F /* MainNavi.swift in Sources */,
				84BFF075246C1DDE0018296F /* EventsView.swift in Sources */,
				84DCE46A247A7CCE005AA691 /* SessionStore.swift in Sources */,
				11B975F62480625700680B54 /* FirestoreBlogPostRepository.swift in Sources */,
				848CC57A247534050000A1F3 /* Carousel.swift in Sources */,
				11B975F82480F14F00680B54 /* BlogPostCard.swift in Sources */,
				848CC57F247534050000A1F3 /* SignInUpNavigationLink.swift in Sources */,
				84BFF079246C1E220018296F /* BlogView.swift in Sources */,
				848CC57C247534050000A1F3 /* SideMenuView.swift in Sources */,
				84BFF05D246C1D760018296F /* AppDelegate.swift in Sources */,
				848CC578247534050000A1F3 /* WelcomeTextView.swift in Sources */,
				84BFF077246C1E020018296F /* BibleView.swift in Sources */,
				848CC57E247534050000A1F3 /* SideMenuItem.swift in Sources */,
				11B975FA2480FC5900680B54 /* BlogPostDetailView.swift in Sources */,
				84BFF05F246C1D760018296F /* SceneDelegate.swift in Sources */,
				11B975F42480584700680B54 /* BlogPost.swift in Sources */,
				848CC57D247534050000A1F3 /* TestView.swift in Sources */,
				84BFF061246C1D760018296F /* ContentView.swift in Sources */,
			);
			runOnlyForDeploymentPostprocessing = 0;
		};
/* End PBXSourcesBuildPhase section */

/* Begin PBXVariantGroup section */
		84BFF067246C1D770018296F /* LaunchScreen.storyboard */ = {
			isa = PBXVariantGroup;
			children = (
				84BFF068246C1D770018296F /* Base */,
			);
			name = LaunchScreen.storyboard;
			sourceTree = "<group>";
		};
/* End PBXVariantGroup section */

/* Begin XCBuildConfiguration section */
		84BFF06B246C1D770018296F /* Debug */ = {
			isa = XCBuildConfiguration;
			buildSettings = {
				ALWAYS_SEARCH_USER_PATHS = NO;
				CLANG_ANALYZER_NONNULL = YES;
				CLANG_ANALYZER_NUMBER_OBJECT_CONVERSION = YES_AGGRESSIVE;
				CLANG_CXX_LANGUAGE_STANDARD = "gnu++14";
				CLANG_CXX_LIBRARY = "libc++";
				CLANG_ENABLE_MODULES = YES;
				CLANG_ENABLE_OBJC_ARC = YES;
				CLANG_ENABLE_OBJC_WEAK = YES;
				CLANG_WARN_BLOCK_CAPTURE_AUTORELEASING = YES;
				CLANG_WARN_BOOL_CONVERSION = YES;
				CLANG_WARN_COMMA = YES;
				CLANG_WARN_CONSTANT_CONVERSION = YES;
				CLANG_WARN_DEPRECATED_OBJC_IMPLEMENTATIONS = YES;
				CLANG_WARN_DIRECT_OBJC_ISA_USAGE = YES_ERROR;
				CLANG_WARN_DOCUMENTATION_COMMENTS = YES;
				CLANG_WARN_EMPTY_BODY = YES;
				CLANG_WARN_ENUM_CONVERSION = YES;
				CLANG_WARN_INFINITE_RECURSION = YES;
				CLANG_WARN_INT_CONVERSION = YES;
				CLANG_WARN_NON_LITERAL_NULL_CONVERSION = YES;
				CLANG_WARN_OBJC_IMPLICIT_RETAIN_SELF = YES;
				CLANG_WARN_OBJC_LITERAL_CONVERSION = YES;
				CLANG_WARN_OBJC_ROOT_CLASS = YES_ERROR;
				CLANG_WARN_RANGE_LOOP_ANALYSIS = YES;
				CLANG_WARN_STRICT_PROTOTYPES = YES;
				CLANG_WARN_SUSPICIOUS_MOVE = YES;
				CLANG_WARN_UNGUARDED_AVAILABILITY = YES_AGGRESSIVE;
				CLANG_WARN_UNREACHABLE_CODE = YES;
				CLANG_WARN__DUPLICATE_METHOD_MATCH = YES;
				COPY_PHASE_STRIP = NO;
				DEBUG_INFORMATION_FORMAT = dwarf;
				ENABLE_STRICT_OBJC_MSGSEND = YES;
				ENABLE_TESTABILITY = YES;
				GCC_C_LANGUAGE_STANDARD = gnu11;
				GCC_DYNAMIC_NO_PIC = NO;
				GCC_NO_COMMON_BLOCKS = YES;
				GCC_OPTIMIZATION_LEVEL = 0;
				GCC_PREPROCESSOR_DEFINITIONS = (
					"DEBUG=1",
					"$(inherited)",
				);
				GCC_WARN_64_TO_32_BIT_CONVERSION = YES;
				GCC_WARN_ABOUT_RETURN_TYPE = YES_ERROR;
				GCC_WARN_UNDECLARED_SELECTOR = YES;
				GCC_WARN_UNINITIALIZED_AUTOS = YES_AGGRESSIVE;
				GCC_WARN_UNUSED_FUNCTION = YES;
				GCC_WARN_UNUSED_VARIABLE = YES;
				IPHONEOS_DEPLOYMENT_TARGET = 13.4;
				MTL_ENABLE_DEBUG_INFO = INCLUDE_SOURCE;
				MTL_FAST_MATH = YES;
				ONLY_ACTIVE_ARCH = YES;
				SDKROOT = iphoneos;
				SWIFT_ACTIVE_COMPILATION_CONDITIONS = DEBUG;
				SWIFT_OPTIMIZATION_LEVEL = "-Onone";
			};
			name = Debug;
		};
		84BFF06C246C1D770018296F /* Release */ = {
			isa = XCBuildConfiguration;
			buildSettings = {
				ALWAYS_SEARCH_USER_PATHS = NO;
				CLANG_ANALYZER_NONNULL = YES;
				CLANG_ANALYZER_NUMBER_OBJECT_CONVERSION = YES_AGGRESSIVE;
				CLANG_CXX_LANGUAGE_STANDARD = "gnu++14";
				CLANG_CXX_LIBRARY = "libc++";
				CLANG_ENABLE_MODULES = YES;
				CLANG_ENABLE_OBJC_ARC = YES;
				CLANG_ENABLE_OBJC_WEAK = YES;
				CLANG_WARN_BLOCK_CAPTURE_AUTORELEASING = YES;
				CLANG_WARN_BOOL_CONVERSION = YES;
				CLANG_WARN_COMMA = YES;
				CLANG_WARN_CONSTANT_CONVERSION = YES;
				CLANG_WARN_DEPRECATED_OBJC_IMPLEMENTATIONS = YES;
				CLANG_WARN_DIRECT_OBJC_ISA_USAGE = YES_ERROR;
				CLANG_WARN_DOCUMENTATION_COMMENTS = YES;
				CLANG_WARN_EMPTY_BODY = YES;
				CLANG_WARN_ENUM_CONVERSION = YES;
				CLANG_WARN_INFINITE_RECURSION = YES;
				CLANG_WARN_INT_CONVERSION = YES;
				CLANG_WARN_NON_LITERAL_NULL_CONVERSION = YES;
				CLANG_WARN_OBJC_IMPLICIT_RETAIN_SELF = YES;
				CLANG_WARN_OBJC_LITERAL_CONVERSION = YES;
				CLANG_WARN_OBJC_ROOT_CLASS = YES_ERROR;
				CLANG_WARN_RANGE_LOOP_ANALYSIS = YES;
				CLANG_WARN_STRICT_PROTOTYPES = YES;
				CLANG_WARN_SUSPICIOUS_MOVE = YES;
				CLANG_WARN_UNGUARDED_AVAILABILITY = YES_AGGRESSIVE;
				CLANG_WARN_UNREACHABLE_CODE = YES;
				CLANG_WARN__DUPLICATE_METHOD_MATCH = YES;
				COPY_PHASE_STRIP = NO;
				DEBUG_INFORMATION_FORMAT = "dwarf-with-dsym";
				ENABLE_NS_ASSERTIONS = NO;
				ENABLE_STRICT_OBJC_MSGSEND = YES;
				GCC_C_LANGUAGE_STANDARD = gnu11;
				GCC_NO_COMMON_BLOCKS = YES;
				GCC_WARN_64_TO_32_BIT_CONVERSION = YES;
				GCC_WARN_ABOUT_RETURN_TYPE = YES_ERROR;
				GCC_WARN_UNDECLARED_SELECTOR = YES;
				GCC_WARN_UNINITIALIZED_AUTOS = YES_AGGRESSIVE;
				GCC_WARN_UNUSED_FUNCTION = YES;
				GCC_WARN_UNUSED_VARIABLE = YES;
				IPHONEOS_DEPLOYMENT_TARGET = 13.4;
				MTL_ENABLE_DEBUG_INFO = NO;
				MTL_FAST_MATH = YES;
				SDKROOT = iphoneos;
				SWIFT_COMPILATION_MODE = wholemodule;
				SWIFT_OPTIMIZATION_LEVEL = "-O";
				VALIDATE_PRODUCT = YES;
			};
			name = Release;
		};
		84BFF06E246C1D770018296F /* Debug */ = {
			isa = XCBuildConfiguration;
			baseConfigurationReference = A89BFC6D0D44DE9A1378E886 /* Pods-Bible Buddy.debug.xcconfig */;
			buildSettings = {
				ASSETCATALOG_COMPILER_APPICON_NAME = AppIcon;
				CODE_SIGN_STYLE = Automatic;
				DEVELOPMENT_ASSET_PATHS = "\"Bible Buddy/Preview Content\"";
				ENABLE_PREVIEWS = YES;
				INFOPLIST_FILE = "Bible Buddy/Info.plist";
				LD_RUNPATH_SEARCH_PATHS = (
					"$(inherited)",
					"@executable_path/Frameworks",
				);
				PRODUCT_BUNDLE_IDENTIFIER = "PIOSE-Gruppe03.Bible-Buddy";
				PRODUCT_NAME = "$(TARGET_NAME)";
				SWIFT_VERSION = 5.0;
				TARGETED_DEVICE_FAMILY = "1,2";
			};
			name = Debug;
		};
		84BFF06F246C1D770018296F /* Release */ = {
			isa = XCBuildConfiguration;
			baseConfigurationReference = D102427F36231BC1D05F3489 /* Pods-Bible Buddy.release.xcconfig */;
			buildSettings = {
				ASSETCATALOG_COMPILER_APPICON_NAME = AppIcon;
				CODE_SIGN_STYLE = Automatic;
				DEVELOPMENT_ASSET_PATHS = "\"Bible Buddy/Preview Content\"";
				ENABLE_PREVIEWS = YES;
				INFOPLIST_FILE = "Bible Buddy/Info.plist";
				LD_RUNPATH_SEARCH_PATHS = (
					"$(inherited)",
					"@executable_path/Frameworks",
				);
				PRODUCT_BUNDLE_IDENTIFIER = "PIOSE-Gruppe03.Bible-Buddy";
				PRODUCT_NAME = "$(TARGET_NAME)";
				SWIFT_VERSION = 5.0;
				TARGETED_DEVICE_FAMILY = "1,2";
			};
			name = Release;
		};
/* End XCBuildConfiguration section */

/* Begin XCConfigurationList section */
		84BFF054246C1D760018296F /* Build configuration list for PBXProject "Bible Buddy" */ = {
			isa = XCConfigurationList;
			buildConfigurations = (
				84BFF06B246C1D770018296F /* Debug */,
				84BFF06C246C1D770018296F /* Release */,
			);
			defaultConfigurationIsVisible = 0;
			defaultConfigurationName = Release;
		};
		84BFF06D246C1D770018296F /* Build configuration list for PBXNativeTarget "Bible Buddy" */ = {
			isa = XCConfigurationList;
			buildConfigurations = (
				84BFF06E246C1D770018296F /* Debug */,
				84BFF06F246C1D770018296F /* Release */,
			);
			defaultConfigurationIsVisible = 0;
			defaultConfigurationName = Release;
		};
/* End XCConfigurationList section */
	};
	rootObject = 84BFF051246C1D760018296F /* Project object */;
}
